// !$*UTF8*$!
{
	archiveVersion = 1;
	classes = {
	};
	objectVersion = 46;
	objects = {

/* Begin PBXBuildFile section */
		8C1663641C7F000F00E4B763 /* SemanticError.swift in Sources */ = {isa = PBXBuildFile; fileRef = 8C1663631C7F000F00E4B763 /* SemanticError.swift */; };
		8C3477951C621E85003E099E /* AppDelegate.swift in Sources */ = {isa = PBXBuildFile; fileRef = 8C3477941C621E85003E099E /* AppDelegate.swift */; };
		8C3477971C621E85003E099E /* Assets.xcassets in Resources */ = {isa = PBXBuildFile; fileRef = 8C3477961C621E85003E099E /* Assets.xcassets */; };
		8C34779A1C621E85003E099E /* MainMenu.xib in Resources */ = {isa = PBXBuildFile; fileRef = 8C3477981C621E85003E099E /* MainMenu.xib */; };
		8C3477DF1C623884003E099E /* input.ql in Resources */ = {isa = PBXBuildFile; fileRef = 8C3477DE1C623884003E099E /* input.ql */; };
		8C8C80181C7F05160096D1BC /* SemanticWarning.swift in Sources */ = {isa = PBXBuildFile; fileRef = 8C8C80171C7F05160096D1BC /* SemanticWarning.swift */; };
		8C8C801A1C7F05910096D1BC /* SemanticLog.swift in Sources */ = {isa = PBXBuildFile; fileRef = 8C8C80191C7F05910096D1BC /* SemanticLog.swift */; };
		8C8C801C1C7F0AE40096D1BC /* SemanticLoggable.swift in Sources */ = {isa = PBXBuildFile; fileRef = 8C8C801B1C7F0AE40096D1BC /* SemanticLoggable.swift */; };
		8CD6D28E1C638677005FC3D6 /* SwiftParsec.framework in Frameworks */ = {isa = PBXBuildFile; fileRef = 8CD6D28D1C638677005FC3D6 /* SwiftParsec.framework */; };
		8CD6D2901C638A39005FC3D6 /* QLParser.swift in Sources */ = {isa = PBXBuildFile; fileRef = 8CD6D28F1C638A39005FC3D6 /* QLParser.swift */; };
		8CF4EAFF1C7DBE200029F88D /* ASTNode.swift in Sources */ = {isa = PBXBuildFile; fileRef = 8CF4EAFE1C7DBE200029F88D /* ASTNode.swift */; };
		8CF4EB011C7DBE6B0029F88D /* ASTVisitor.swift in Sources */ = {isa = PBXBuildFile; fileRef = 8CF4EB001C7DBE6B0029F88D /* ASTVisitor.swift */; };
		8CF4EB051C7DBF240029F88D /* Form.swift in Sources */ = {isa = PBXBuildFile; fileRef = 8CF4EB041C7DBF240029F88D /* Form.swift */; };
		8CF4EB071C7DC83A0029F88D /* Block.swift in Sources */ = {isa = PBXBuildFile; fileRef = 8CF4EB061C7DC83A0029F88D /* Block.swift */; };
		8CF4EB091C7DC8B70029F88D /* Statement.swift in Sources */ = {isa = PBXBuildFile; fileRef = 8CF4EB081C7DC8B70029F88D /* Statement.swift */; };
		8CF4EB0B1C7DC8D40029F88D /* QuestionDeclaration.swift in Sources */ = {isa = PBXBuildFile; fileRef = 8CF4EB0A1C7DC8D40029F88D /* QuestionDeclaration.swift */; };
		8CF4EB0D1C7DCC8E0029F88D /* IfStatement.swift in Sources */ = {isa = PBXBuildFile; fileRef = 8CF4EB0C1C7DCC8E0029F88D /* IfStatement.swift */; };
		8CF4EB0F1C7DCEFE0029F88D /* ElseIfStatement.swift in Sources */ = {isa = PBXBuildFile; fileRef = 8CF4EB0E1C7DCEFE0029F88D /* ElseIfStatement.swift */; };
		8CF4EB131C7DD3450029F88D /* Expression.swift in Sources */ = {isa = PBXBuildFile; fileRef = 8CF4EB121C7DD3450029F88D /* Expression.swift */; };
		8CF4EB151C7DD37C0029F88D /* Literal.swift in Sources */ = {isa = PBXBuildFile; fileRef = 8CF4EB141C7DD37C0029F88D /* Literal.swift */; };
		8CF4EB181C7DD3B20029F88D /* IntegerLiteral.swift in Sources */ = {isa = PBXBuildFile; fileRef = 8CF4EB171C7DD3B20029F88D /* IntegerLiteral.swift */; };
		8CF4EB1A1C7DD4DB0029F88D /* FloatLiteral.swift in Sources */ = {isa = PBXBuildFile; fileRef = 8CF4EB191C7DD4DB0029F88D /* FloatLiteral.swift */; };
		8CF4EB1C1C7DD5320029F88D /* BooleanLiteral.swift in Sources */ = {isa = PBXBuildFile; fileRef = 8CF4EB1B1C7DD5320029F88D /* BooleanLiteral.swift */; };
		8CF4EB1E1C7DD5BD0029F88D /* Variable.swift in Sources */ = {isa = PBXBuildFile; fileRef = 8CF4EB1D1C7DD5BD0029F88D /* Variable.swift */; };
		8CF4EB221C7DE0080029F88D /* AddExpression.swift in Sources */ = {isa = PBXBuildFile; fileRef = 8CF4EB211C7DE0080029F88D /* AddExpression.swift */; };
		8CF4EB251C7E003F0029F88D /* DeclarationChecker.swift in Sources */ = {isa = PBXBuildFile; fileRef = 8CF4EB241C7E003F0029F88D /* DeclarationChecker.swift */; };
		8CF4EB271C7E01A30029F88D /* SubExpression.swift in Sources */ = {isa = PBXBuildFile; fileRef = 8CF4EB261C7E01A30029F88D /* SubExpression.swift */; };
		8CF4EB291C7E01E10029F88D /* MulExpression.swift in Sources */ = {isa = PBXBuildFile; fileRef = 8CF4EB281C7E01E10029F88D /* MulExpression.swift */; };
		8CF4EB2B1C7E02160029F88D /* DivExpression.swift in Sources */ = {isa = PBXBuildFile; fileRef = 8CF4EB2A1C7E02160029F88D /* DivExpression.swift */; };
		8CF4EB2D1C7E02C50029F88D /* LtExpression.swift in Sources */ = {isa = PBXBuildFile; fileRef = 8CF4EB2C1C7E02C50029F88D /* LtExpression.swift */; };
		8CF4EB2F1C7E02EB0029F88D /* LetExpression.swift in Sources */ = {isa = PBXBuildFile; fileRef = 8CF4EB2E1C7E02EB0029F88D /* LetExpression.swift */; };
		8CF4EB311C7E02F30029F88D /* GtExpression.swift in Sources */ = {isa = PBXBuildFile; fileRef = 8CF4EB301C7E02F30029F88D /* GtExpression.swift */; };
		8CF4EB331C7E02FE0029F88D /* GetExpression.swift in Sources */ = {isa = PBXBuildFile; fileRef = 8CF4EB321C7E02FE0029F88D /* GetExpression.swift */; };
		8CF4EB351C7E036C0029F88D /* EqExpression.swift in Sources */ = {isa = PBXBuildFile; fileRef = 8CF4EB341C7E036C0029F88D /* EqExpression.swift */; };
		8CF4EB371C7E03780029F88D /* NeqExpression.swift in Sources */ = {isa = PBXBuildFile; fileRef = 8CF4EB361C7E03780029F88D /* NeqExpression.swift */; };
		8CF4EB391C7E03A10029F88D /* AndExpression.swift in Sources */ = {isa = PBXBuildFile; fileRef = 8CF4EB381C7E03A10029F88D /* AndExpression.swift */; };
		8CF4EB3B1C7E03AE0029F88D /* OrExpression.swift in Sources */ = {isa = PBXBuildFile; fileRef = 8CF4EB3A1C7E03AE0029F88D /* OrExpression.swift */; };
		8CF4EB3D1C7E03E30029F88D /* NotExpression.swift in Sources */ = {isa = PBXBuildFile; fileRef = 8CF4EB3C1C7E03E30029F88D /* NotExpression.swift */; };
		8CF4EB3F1C7E05650029F88D /* Type.swift in Sources */ = {isa = PBXBuildFile; fileRef = 8CF4EB3E1C7E05650029F88D /* Type.swift */; };
		8CF4EB411C7E061A0029F88D /* BooleanType.swift in Sources */ = {isa = PBXBuildFile; fileRef = 8CF4EB401C7E061A0029F88D /* BooleanType.swift */; };
		8CF4EB431C7E06540029F88D /* IntegerType.swift in Sources */ = {isa = PBXBuildFile; fileRef = 8CF4EB421C7E06540029F88D /* IntegerType.swift */; };
		8CF4EB451C7E066C0029F88D /* FloatType.swift in Sources */ = {isa = PBXBuildFile; fileRef = 8CF4EB441C7E066C0029F88D /* FloatType.swift */; };
		8CF4EB471C7E07270029F88D /* ErrorType.swift in Sources */ = {isa = PBXBuildFile; fileRef = 8CF4EB461C7E07270029F88D /* ErrorType.swift */; };
		8CF4EB4A1C7E17670029F88D /* StringType.swift in Sources */ = {isa = PBXBuildFile; fileRef = 8CF4EB491C7E17670029F88D /* StringType.swift */; };
		8CF4EB4C1C7E1AC60029F88D /* BaseASTVisitor.swift in Sources */ = {isa = PBXBuildFile; fileRef = 8CF4EB4B1C7E1AC60029F88D /* BaseASTVisitor.swift */; };
		8CF4EB4E1C7E1E3B0029F88D /* TypeChecker.swift in Sources */ = {isa = PBXBuildFile; fileRef = 8CF4EB4D1C7E1E3B0029F88D /* TypeChecker.swift */; };
		8CF4EB501C7E2D100029F88D /* SymbolTable.swift in Sources */ = {isa = PBXBuildFile; fileRef = 8CF4EB4F1C7E2D100029F88D /* SymbolTable.swift */; };
/* End PBXBuildFile section */

/* Begin PBXFileReference section */
		8C1663631C7F000F00E4B763 /* SemanticError.swift */ = {isa = PBXFileReference; fileEncoding = 4; lastKnownFileType = sourcecode.swift; path = SemanticError.swift; sourceTree = "<group>"; };
		8C3477911C621E85003E099E /* QL.app */ = {isa = PBXFileReference; explicitFileType = wrapper.application; includeInIndex = 0; path = QL.app; sourceTree = BUILT_PRODUCTS_DIR; };
		8C3477941C621E85003E099E /* AppDelegate.swift */ = {isa = PBXFileReference; lastKnownFileType = sourcecode.swift; path = AppDelegate.swift; sourceTree = "<group>"; };
		8C3477961C621E85003E099E /* Assets.xcassets */ = {isa = PBXFileReference; lastKnownFileType = folder.assetcatalog; path = Assets.xcassets; sourceTree = "<group>"; };
		8C3477991C621E85003E099E /* Base */ = {isa = PBXFileReference; lastKnownFileType = file.xib; name = Base; path = Base.lproj/MainMenu.xib; sourceTree = "<group>"; };
		8C34779B1C621E85003E099E /* Info.plist */ = {isa = PBXFileReference; lastKnownFileType = text.plist.xml; path = Info.plist; sourceTree = "<group>"; };
		8C3477DE1C623884003E099E /* input.ql */ = {isa = PBXFileReference; fileEncoding = 4; lastKnownFileType = text; name = input.ql; path = QL/input.ql; sourceTree = "<group>"; };
		8C8C80171C7F05160096D1BC /* SemanticWarning.swift */ = {isa = PBXFileReference; fileEncoding = 4; lastKnownFileType = sourcecode.swift; path = SemanticWarning.swift; sourceTree = "<group>"; };
		8C8C80191C7F05910096D1BC /* SemanticLog.swift */ = {isa = PBXFileReference; fileEncoding = 4; lastKnownFileType = sourcecode.swift; path = SemanticLog.swift; sourceTree = "<group>"; };
		8C8C801B1C7F0AE40096D1BC /* SemanticLoggable.swift */ = {isa = PBXFileReference; fileEncoding = 4; lastKnownFileType = sourcecode.swift; path = SemanticLoggable.swift; sourceTree = "<group>"; };
		8CD6D28D1C638677005FC3D6 /* SwiftParsec.framework */ = {isa = PBXFileReference; lastKnownFileType = wrapper.framework; name = SwiftParsec.framework; path = "../../../../../../Library/Developer/Xcode/DerivedData/Software_Construction-dobzpcusviawmqcqyqhtrryfnzgi/Build/Products/Release/SwiftParsec.framework"; sourceTree = "<group>"; };
		8CD6D28F1C638A39005FC3D6 /* QLParser.swift */ = {isa = PBXFileReference; fileEncoding = 4; lastKnownFileType = sourcecode.swift; path = QLParser.swift; sourceTree = "<group>"; };
		8CF4EAFE1C7DBE200029F88D /* ASTNode.swift */ = {isa = PBXFileReference; fileEncoding = 4; lastKnownFileType = sourcecode.swift; path = ASTNode.swift; sourceTree = "<group>"; };
		8CF4EB001C7DBE6B0029F88D /* ASTVisitor.swift */ = {isa = PBXFileReference; fileEncoding = 4; lastKnownFileType = sourcecode.swift; path = ASTVisitor.swift; sourceTree = "<group>"; };
		8CF4EB041C7DBF240029F88D /* Form.swift */ = {isa = PBXFileReference; fileEncoding = 4; lastKnownFileType = sourcecode.swift; path = Form.swift; sourceTree = "<group>"; };
		8CF4EB061C7DC83A0029F88D /* Block.swift */ = {isa = PBXFileReference; fileEncoding = 4; lastKnownFileType = sourcecode.swift; path = Block.swift; sourceTree = "<group>"; };
		8CF4EB081C7DC8B70029F88D /* Statement.swift */ = {isa = PBXFileReference; fileEncoding = 4; lastKnownFileType = sourcecode.swift; path = Statement.swift; sourceTree = "<group>"; };
		8CF4EB0A1C7DC8D40029F88D /* QuestionDeclaration.swift */ = {isa = PBXFileReference; fileEncoding = 4; lastKnownFileType = sourcecode.swift; path = QuestionDeclaration.swift; sourceTree = "<group>"; };
		8CF4EB0C1C7DCC8E0029F88D /* IfStatement.swift */ = {isa = PBXFileReference; fileEncoding = 4; lastKnownFileType = sourcecode.swift; path = IfStatement.swift; sourceTree = "<group>"; };
		8CF4EB0E1C7DCEFE0029F88D /* ElseIfStatement.swift */ = {isa = PBXFileReference; fileEncoding = 4; lastKnownFileType = sourcecode.swift; path = ElseIfStatement.swift; sourceTree = "<group>"; };
		8CF4EB121C7DD3450029F88D /* Expression.swift */ = {isa = PBXFileReference; fileEncoding = 4; lastKnownFileType = sourcecode.swift; path = Expression.swift; sourceTree = "<group>"; };
		8CF4EB141C7DD37C0029F88D /* Literal.swift */ = {isa = PBXFileReference; fileEncoding = 4; lastKnownFileType = sourcecode.swift; path = Literal.swift; sourceTree = "<group>"; };
		8CF4EB171C7DD3B20029F88D /* IntegerLiteral.swift */ = {isa = PBXFileReference; fileEncoding = 4; lastKnownFileType = sourcecode.swift; path = IntegerLiteral.swift; sourceTree = "<group>"; };
		8CF4EB191C7DD4DB0029F88D /* FloatLiteral.swift */ = {isa = PBXFileReference; fileEncoding = 4; lastKnownFileType = sourcecode.swift; path = FloatLiteral.swift; sourceTree = "<group>"; };
		8CF4EB1B1C7DD5320029F88D /* BooleanLiteral.swift */ = {isa = PBXFileReference; fileEncoding = 4; lastKnownFileType = sourcecode.swift; path = BooleanLiteral.swift; sourceTree = "<group>"; };
		8CF4EB1D1C7DD5BD0029F88D /* Variable.swift */ = {isa = PBXFileReference; fileEncoding = 4; lastKnownFileType = sourcecode.swift; path = Variable.swift; sourceTree = "<group>"; };
		8CF4EB211C7DE0080029F88D /* AddExpression.swift */ = {isa = PBXFileReference; fileEncoding = 4; lastKnownFileType = sourcecode.swift; path = AddExpression.swift; sourceTree = "<group>"; };
		8CF4EB241C7E003F0029F88D /* DeclarationChecker.swift */ = {isa = PBXFileReference; fileEncoding = 4; lastKnownFileType = sourcecode.swift; path = DeclarationChecker.swift; sourceTree = "<group>"; };
		8CF4EB261C7E01A30029F88D /* SubExpression.swift */ = {isa = PBXFileReference; fileEncoding = 4; lastKnownFileType = sourcecode.swift; path = SubExpression.swift; sourceTree = "<group>"; };
		8CF4EB281C7E01E10029F88D /* MulExpression.swift */ = {isa = PBXFileReference; fileEncoding = 4; lastKnownFileType = sourcecode.swift; path = MulExpression.swift; sourceTree = "<group>"; };
		8CF4EB2A1C7E02160029F88D /* DivExpression.swift */ = {isa = PBXFileReference; fileEncoding = 4; lastKnownFileType = sourcecode.swift; path = DivExpression.swift; sourceTree = "<group>"; };
		8CF4EB2C1C7E02C50029F88D /* LtExpression.swift */ = {isa = PBXFileReference; fileEncoding = 4; lastKnownFileType = sourcecode.swift; path = LtExpression.swift; sourceTree = "<group>"; };
		8CF4EB2E1C7E02EB0029F88D /* LetExpression.swift */ = {isa = PBXFileReference; fileEncoding = 4; lastKnownFileType = sourcecode.swift; path = LetExpression.swift; sourceTree = "<group>"; };
		8CF4EB301C7E02F30029F88D /* GtExpression.swift */ = {isa = PBXFileReference; fileEncoding = 4; lastKnownFileType = sourcecode.swift; path = GtExpression.swift; sourceTree = "<group>"; };
		8CF4EB321C7E02FE0029F88D /* GetExpression.swift */ = {isa = PBXFileReference; fileEncoding = 4; lastKnownFileType = sourcecode.swift; path = GetExpression.swift; sourceTree = "<group>"; };
		8CF4EB341C7E036C0029F88D /* EqExpression.swift */ = {isa = PBXFileReference; fileEncoding = 4; lastKnownFileType = sourcecode.swift; path = EqExpression.swift; sourceTree = "<group>"; };
		8CF4EB361C7E03780029F88D /* NeqExpression.swift */ = {isa = PBXFileReference; fileEncoding = 4; lastKnownFileType = sourcecode.swift; path = NeqExpression.swift; sourceTree = "<group>"; };
		8CF4EB381C7E03A10029F88D /* AndExpression.swift */ = {isa = PBXFileReference; fileEncoding = 4; lastKnownFileType = sourcecode.swift; path = AndExpression.swift; sourceTree = "<group>"; };
		8CF4EB3A1C7E03AE0029F88D /* OrExpression.swift */ = {isa = PBXFileReference; fileEncoding = 4; lastKnownFileType = sourcecode.swift; path = OrExpression.swift; sourceTree = "<group>"; };
		8CF4EB3C1C7E03E30029F88D /* NotExpression.swift */ = {isa = PBXFileReference; fileEncoding = 4; lastKnownFileType = sourcecode.swift; path = NotExpression.swift; sourceTree = "<group>"; };
		8CF4EB3E1C7E05650029F88D /* Type.swift */ = {isa = PBXFileReference; fileEncoding = 4; lastKnownFileType = sourcecode.swift; path = Type.swift; sourceTree = "<group>"; };
		8CF4EB401C7E061A0029F88D /* BooleanType.swift */ = {isa = PBXFileReference; fileEncoding = 4; lastKnownFileType = sourcecode.swift; path = BooleanType.swift; sourceTree = "<group>"; };
		8CF4EB421C7E06540029F88D /* IntegerType.swift */ = {isa = PBXFileReference; fileEncoding = 4; lastKnownFileType = sourcecode.swift; path = IntegerType.swift; sourceTree = "<group>"; };
		8CF4EB441C7E066C0029F88D /* FloatType.swift */ = {isa = PBXFileReference; fileEncoding = 4; lastKnownFileType = sourcecode.swift; path = FloatType.swift; sourceTree = "<group>"; };
		8CF4EB461C7E07270029F88D /* ErrorType.swift */ = {isa = PBXFileReference; fileEncoding = 4; lastKnownFileType = sourcecode.swift; path = ErrorType.swift; sourceTree = "<group>"; };
		8CF4EB491C7E17670029F88D /* StringType.swift */ = {isa = PBXFileReference; fileEncoding = 4; lastKnownFileType = sourcecode.swift; path = StringType.swift; sourceTree = "<group>"; };
		8CF4EB4B1C7E1AC60029F88D /* BaseASTVisitor.swift */ = {isa = PBXFileReference; fileEncoding = 4; lastKnownFileType = sourcecode.swift; path = BaseASTVisitor.swift; sourceTree = "<group>"; };
		8CF4EB4D1C7E1E3B0029F88D /* TypeChecker.swift */ = {isa = PBXFileReference; fileEncoding = 4; lastKnownFileType = sourcecode.swift; path = TypeChecker.swift; sourceTree = "<group>"; };
		8CF4EB4F1C7E2D100029F88D /* SymbolTable.swift */ = {isa = PBXFileReference; fileEncoding = 4; lastKnownFileType = sourcecode.swift; path = SymbolTable.swift; sourceTree = "<group>"; };
/* End PBXFileReference section */

/* Begin PBXFrameworksBuildPhase section */
		8C34778E1C621E85003E099E /* Frameworks */ = {
			isa = PBXFrameworksBuildPhase;
			buildActionMask = 2147483647;
			files = (
				8CD6D28E1C638677005FC3D6 /* SwiftParsec.framework in Frameworks */,
			);
			runOnlyForDeploymentPostprocessing = 0;
		};
/* End PBXFrameworksBuildPhase section */

/* Begin PBXGroup section */
		8C3477881C621E85003E099E = {
			isa = PBXGroup;
			children = (
				8CD6D28D1C638677005FC3D6 /* SwiftParsec.framework */,
				8CF4EB481C7E14AB0029F88D /* TestFiles */,
				8C3477931C621E85003E099E /* QL */,
				8C3477921C621E85003E099E /* Products */,
			);
			sourceTree = "<group>";
		};
		8C3477921C621E85003E099E /* Products */ = {
			isa = PBXGroup;
			children = (
				8C3477911C621E85003E099E /* QL.app */,
			);
			name = Products;
			sourceTree = "<group>";
		};
		8C3477931C621E85003E099E /* QL */ = {
			isa = PBXGroup;
			children = (
				8CF4EB231C7E00270029F88D /* Visitor */,
				8CF4EAFD1C7DAE440029F88D /* AST */,
				8CF4EAFC1C7DAE380029F88D /* Parser */,
				8C3477941C621E85003E099E /* AppDelegate.swift */,
				8C3477961C621E85003E099E /* Assets.xcassets */,
				8C3477981C621E85003E099E /* MainMenu.xib */,
				8C34779B1C621E85003E099E /* Info.plist */,
			);
			path = QL;
			sourceTree = "<group>";
		};
		8CF4EAFC1C7DAE380029F88D /* Parser */ = {
			isa = PBXGroup;
			children = (
				8CD6D28F1C638A39005FC3D6 /* QLParser.swift */,
			);
			name = Parser;
			sourceTree = "<group>";
		};
		8CF4EAFD1C7DAE440029F88D /* AST */ = {
			isa = PBXGroup;
			children = (
				8CF4EB161C7DD3820029F88D /* Protocols */,
				8CF4EAFE1C7DBE200029F88D /* ASTNode.swift */,
				8CF4EB041C7DBF240029F88D /* Form.swift */,
				8CF4EB061C7DC83A0029F88D /* Block.swift */,
				8CF4EB0A1C7DC8D40029F88D /* QuestionDeclaration.swift */,
				8CF4EB0C1C7DCC8E0029F88D /* IfStatement.swift */,
				8CF4EB0E1C7DCEFE0029F88D /* ElseIfStatement.swift */,
				8CF4EB171C7DD3B20029F88D /* IntegerLiteral.swift */,
				8CF4EB191C7DD4DB0029F88D /* FloatLiteral.swift */,
				8CF4EB1B1C7DD5320029F88D /* BooleanLiteral.swift */,
				8CF4EB1D1C7DD5BD0029F88D /* Variable.swift */,
				8CF4EB211C7DE0080029F88D /* AddExpression.swift */,
				8CF4EB261C7E01A30029F88D /* SubExpression.swift */,
				8CF4EB281C7E01E10029F88D /* MulExpression.swift */,
				8CF4EB2A1C7E02160029F88D /* DivExpression.swift */,
				8CF4EB2C1C7E02C50029F88D /* LtExpression.swift */,
				8CF4EB2E1C7E02EB0029F88D /* LetExpression.swift */,
				8CF4EB301C7E02F30029F88D /* GtExpression.swift */,
				8CF4EB321C7E02FE0029F88D /* GetExpression.swift */,
				8CF4EB341C7E036C0029F88D /* EqExpression.swift */,
				8CF4EB361C7E03780029F88D /* NeqExpression.swift */,
				8CF4EB381C7E03A10029F88D /* AndExpression.swift */,
				8CF4EB3A1C7E03AE0029F88D /* OrExpression.swift */,
				8CF4EB3C1C7E03E30029F88D /* NotExpression.swift */,
				8CF4EB401C7E061A0029F88D /* BooleanType.swift */,
				8CF4EB421C7E06540029F88D /* IntegerType.swift */,
				8CF4EB441C7E066C0029F88D /* FloatType.swift */,
				8CF4EB491C7E17670029F88D /* StringType.swift */,
				8CF4EB461C7E07270029F88D /* ErrorType.swift */,
			);
			name = AST;
			sourceTree = "<group>";
		};
		8CF4EB161C7DD3820029F88D /* Protocols */ = {
			isa = PBXGroup;
			children = (
				8CF4EB081C7DC8B70029F88D /* Statement.swift */,
				8CF4EB121C7DD3450029F88D /* Expression.swift */,
				8CF4EB141C7DD37C0029F88D /* Literal.swift */,
				8CF4EB3E1C7E05650029F88D /* Type.swift */,
			);
			name = Protocols;
			sourceTree = "<group>";
		};
		8CF4EB231C7E00270029F88D /* Visitor */ = {
			isa = PBXGroup;
			children = (
				8CF4EB001C7DBE6B0029F88D /* ASTVisitor.swift */,
				8CF4EB4B1C7E1AC60029F88D /* BaseASTVisitor.swift */,
				8CF4EB241C7E003F0029F88D /* DeclarationChecker.swift */,
				8CF4EB4D1C7E1E3B0029F88D /* TypeChecker.swift */,
				8CF4EB4F1C7E2D100029F88D /* SymbolTable.swift */,
				8C1663631C7F000F00E4B763 /* SemanticError.swift */,
				8C8C80171C7F05160096D1BC /* SemanticWarning.swift */,
				8C8C80191C7F05910096D1BC /* SemanticLog.swift */,
				8C8C801B1C7F0AE40096D1BC /* SemanticLoggable.swift */,
			);
			name = Visitor;
			sourceTree = "<group>";
		};
		8CF4EB481C7E14AB0029F88D /* TestFiles */ = {
			isa = PBXGroup;
			children = (
				8C3477DE1C623884003E099E /* input.ql */,
			);
			name = TestFiles;
			sourceTree = "<group>";
		};
/* End PBXGroup section */

/* Begin PBXNativeTarget section */
		8C3477901C621E85003E099E /* QL */ = {
			isa = PBXNativeTarget;
			buildConfigurationList = 8C34779E1C621E85003E099E /* Build configuration list for PBXNativeTarget "QL" */;
			buildPhases = (
				8C34778D1C621E85003E099E /* Sources */,
				8C34778E1C621E85003E099E /* Frameworks */,
				8C34778F1C621E85003E099E /* Resources */,
			);
			buildRules = (
			);
			dependencies = (
			);
			name = QL;
			productName = QL;
			productReference = 8C3477911C621E85003E099E /* QL.app */;
			productType = "com.apple.product-type.application";
		};
/* End PBXNativeTarget section */

/* Begin PBXProject section */
		8C3477891C621E85003E099E /* Project object */ = {
			isa = PBXProject;
			attributes = {
				LastSwiftUpdateCheck = 0720;
				LastUpgradeCheck = 0720;
				ORGANIZATIONNAME = "Jordy Heemskerk";
				TargetAttributes = {
					8C3477901C621E85003E099E = {
						CreatedOnToolsVersion = 7.2.1;
					};
				};
			};
			buildConfigurationList = 8C34778C1C621E85003E099E /* Build configuration list for PBXProject "QL" */;
			compatibilityVersion = "Xcode 3.2";
			developmentRegion = English;
			hasScannedForEncodings = 0;
			knownRegions = (
				en,
				Base,
			);
			mainGroup = 8C3477881C621E85003E099E;
			productRefGroup = 8C3477921C621E85003E099E /* Products */;
			projectDirPath = "";
			projectRoot = "";
			targets = (
				8C3477901C621E85003E099E /* QL */,
			);
		};
/* End PBXProject section */

/* Begin PBXResourcesBuildPhase section */
		8C34778F1C621E85003E099E /* Resources */ = {
			isa = PBXResourcesBuildPhase;
			buildActionMask = 2147483647;
			files = (
				8C3477971C621E85003E099E /* Assets.xcassets in Resources */,
				8C3477DF1C623884003E099E /* input.ql in Resources */,
				8C34779A1C621E85003E099E /* MainMenu.xib in Resources */,
			);
			runOnlyForDeploymentPostprocessing = 0;
		};
/* End PBXResourcesBuildPhase section */

/* Begin PBXSourcesBuildPhase section */
		8C34778D1C621E85003E099E /* Sources */ = {
			isa = PBXSourcesBuildPhase;
			buildActionMask = 2147483647;
			files = (
				8C8C80181C7F05160096D1BC /* SemanticWarning.swift in Sources */,
				8C1663641C7F000F00E4B763 /* SemanticError.swift in Sources */,
				8CF4EB1A1C7DD4DB0029F88D /* FloatLiteral.swift in Sources */,
				8CF4EB1E1C7DD5BD0029F88D /* Variable.swift in Sources */,
				8CF4EB271C7E01A30029F88D /* SubExpression.swift in Sources */,
				8CF4EB131C7DD3450029F88D /* Expression.swift in Sources */,
				8CF4EB3F1C7E05650029F88D /* Type.swift in Sources */,
				8CF4EB2D1C7E02C50029F88D /* LtExpression.swift in Sources */,
				8C8C801A1C7F05910096D1BC /* SemanticLog.swift in Sources */,
				8CF4EB311C7E02F30029F88D /* GtExpression.swift in Sources */,
				8CF4EB351C7E036C0029F88D /* EqExpression.swift in Sources */,
				8CD6D2901C638A39005FC3D6 /* QLParser.swift in Sources */,
				8CF4EB371C7E03780029F88D /* NeqExpression.swift in Sources */,
				8CF4EB501C7E2D100029F88D /* SymbolTable.swift in Sources */,
				8CF4EB291C7E01E10029F88D /* MulExpression.swift in Sources */,
				8CF4EB2F1C7E02EB0029F88D /* LetExpression.swift in Sources */,
				8CF4EB471C7E07270029F88D /* ErrorType.swift in Sources */,
				8CF4EB071C7DC83A0029F88D /* Block.swift in Sources */,
				8CF4EB2B1C7E02160029F88D /* DivExpression.swift in Sources */,
				8CF4EB0F1C7DCEFE0029F88D /* ElseIfStatement.swift in Sources */,
				8CF4EB411C7E061A0029F88D /* BooleanType.swift in Sources */,
				8CF4EB3D1C7E03E30029F88D /* NotExpression.swift in Sources */,
				8CF4EB0D1C7DCC8E0029F88D /* IfStatement.swift in Sources */,
				8CF4EB1C1C7DD5320029F88D /* BooleanLiteral.swift in Sources */,
				8C8C801C1C7F0AE40096D1BC /* SemanticLoggable.swift in Sources */,
				8CF4EB0B1C7DC8D40029F88D /* QuestionDeclaration.swift in Sources */,
				8CF4EB451C7E066C0029F88D /* FloatType.swift in Sources */,
				8CF4EB181C7DD3B20029F88D /* IntegerLiteral.swift in Sources */,
				8CF4EB3B1C7E03AE0029F88D /* OrExpression.swift in Sources */,
				8CF4EB4A1C7E17670029F88D /* StringType.swift in Sources */,
				8CF4EAFF1C7DBE200029F88D /* ASTNode.swift in Sources */,
				8CF4EB011C7DBE6B0029F88D /* ASTVisitor.swift in Sources */,
				8CF4EB251C7E003F0029F88D /* DeclarationChecker.swift in Sources */,
				8CF4EB051C7DBF240029F88D /* Form.swift in Sources */,
				8CF4EB151C7DD37C0029F88D /* Literal.swift in Sources */,
				8CF4EB431C7E06540029F88D /* IntegerType.swift in Sources */,
				8CF4EB4C1C7E1AC60029F88D /* BaseASTVisitor.swift in Sources */,
				8CF4EB331C7E02FE0029F88D /* GetExpression.swift in Sources */,
				8CF4EB4E1C7E1E3B0029F88D /* TypeChecker.swift in Sources */,
				8C3477951C621E85003E099E /* AppDelegate.swift in Sources */,
				8CF4EB391C7E03A10029F88D /* AndExpression.swift in Sources */,
				8CF4EB091C7DC8B70029F88D /* Statement.swift in Sources */,
				8CF4EB221C7DE0080029F88D /* AddExpression.swift in Sources */,
			);
			runOnlyForDeploymentPostprocessing = 0;
		};
/* End PBXSourcesBuildPhase section */

/* Begin PBXVariantGroup section */
		8C3477981C621E85003E099E /* MainMenu.xib */ = {
			isa = PBXVariantGroup;
			children = (
				8C3477991C621E85003E099E /* Base */,
			);
			name = MainMenu.xib;
			sourceTree = "<group>";
		};
/* End PBXVariantGroup section */

/* Begin XCBuildConfiguration section */
		8C34779C1C621E85003E099E /* Debug */ = {
			isa = XCBuildConfiguration;
			buildSettings = {
				ALWAYS_SEARCH_USER_PATHS = NO;
				CLANG_CXX_LANGUAGE_STANDARD = "gnu++0x";
				CLANG_CXX_LIBRARY = "libc++";
				CLANG_ENABLE_MODULES = YES;
				CLANG_ENABLE_OBJC_ARC = YES;
				CLANG_WARN_BOOL_CONVERSION = YES;
				CLANG_WARN_CONSTANT_CONVERSION = YES;
				CLANG_WARN_DIRECT_OBJC_ISA_USAGE = YES_ERROR;
				CLANG_WARN_EMPTY_BODY = YES;
				CLANG_WARN_ENUM_CONVERSION = YES;
				CLANG_WARN_INT_CONVERSION = YES;
				CLANG_WARN_OBJC_ROOT_CLASS = YES_ERROR;
				CLANG_WARN_UNREACHABLE_CODE = YES;
				CLANG_WARN__DUPLICATE_METHOD_MATCH = YES;
				CODE_SIGN_IDENTITY = "-";
				COPY_PHASE_STRIP = NO;
				DEBUG_INFORMATION_FORMAT = dwarf;
				ENABLE_STRICT_OBJC_MSGSEND = YES;
				ENABLE_TESTABILITY = YES;
				GCC_C_LANGUAGE_STANDARD = gnu99;
				GCC_DYNAMIC_NO_PIC = NO;
				GCC_NO_COMMON_BLOCKS = YES;
				GCC_OPTIMIZATION_LEVEL = 0;
				GCC_PREPROCESSOR_DEFINITIONS = (
					"DEBUG=1",
					"$(inherited)",
				);
				GCC_WARN_64_TO_32_BIT_CONVERSION = YES;
				GCC_WARN_ABOUT_RETURN_TYPE = YES_ERROR;
				GCC_WARN_UNDECLARED_SELECTOR = YES;
				GCC_WARN_UNINITIALIZED_AUTOS = YES_AGGRESSIVE;
				GCC_WARN_UNUSED_FUNCTION = YES;
				GCC_WARN_UNUSED_VARIABLE = YES;
				MACOSX_DEPLOYMENT_TARGET = 10.11;
				MTL_ENABLE_DEBUG_INFO = YES;
				ONLY_ACTIVE_ARCH = YES;
				SDKROOT = macosx;
				SWIFT_OPTIMIZATION_LEVEL = "-Onone";
			};
			name = Debug;
		};
		8C34779D1C621E85003E099E /* Release */ = {
			isa = XCBuildConfiguration;
			buildSettings = {
				ALWAYS_SEARCH_USER_PATHS = NO;
				CLANG_CXX_LANGUAGE_STANDARD = "gnu++0x";
				CLANG_CXX_LIBRARY = "libc++";
				CLANG_ENABLE_MODULES = YES;
				CLANG_ENABLE_OBJC_ARC = YES;
				CLANG_WARN_BOOL_CONVERSION = YES;
				CLANG_WARN_CONSTANT_CONVERSION = YES;
				CLANG_WARN_DIRECT_OBJC_ISA_USAGE = YES_ERROR;
				CLANG_WARN_EMPTY_BODY = YES;
				CLANG_WARN_ENUM_CONVERSION = YES;
				CLANG_WARN_INT_CONVERSION = YES;
				CLANG_WARN_OBJC_ROOT_CLASS = YES_ERROR;
				CLANG_WARN_UNREACHABLE_CODE = YES;
				CLANG_WARN__DUPLICATE_METHOD_MATCH = YES;
				CODE_SIGN_IDENTITY = "-";
				COPY_PHASE_STRIP = NO;
				DEBUG_INFORMATION_FORMAT = "dwarf-with-dsym";
				ENABLE_NS_ASSERTIONS = NO;
				ENABLE_STRICT_OBJC_MSGSEND = YES;
				GCC_C_LANGUAGE_STANDARD = gnu99;
				GCC_NO_COMMON_BLOCKS = YES;
				GCC_WARN_64_TO_32_BIT_CONVERSION = YES;
				GCC_WARN_ABOUT_RETURN_TYPE = YES_ERROR;
				GCC_WARN_UNDECLARED_SELECTOR = YES;
				GCC_WARN_UNINITIALIZED_AUTOS = YES_AGGRESSIVE;
				GCC_WARN_UNUSED_FUNCTION = YES;
				GCC_WARN_UNUSED_VARIABLE = YES;
				MACOSX_DEPLOYMENT_TARGET = 10.11;
				MTL_ENABLE_DEBUG_INFO = NO;
				SDKROOT = macosx;
			};
			name = Release;
		};
		8C34779F1C621E85003E099E /* Debug */ = {
			isa = XCBuildConfiguration;
			buildSettings = {
				ASSETCATALOG_COMPILER_APPICON_NAME = AppIcon;
				COMBINE_HIDPI_IMAGES = YES;
				INFOPLIST_FILE = QL/Info.plist;
				LD_RUNPATH_SEARCH_PATHS = "$(inherited) @executable_path/../Frameworks";
				PRODUCT_BUNDLE_IDENTIFIER = it.jorry.QL;
				PRODUCT_NAME = "$(TARGET_NAME)";
			};
			name = Debug;
		};
		8C3477A01C621E85003E099E /* Release */ = {
			isa = XCBuildConfiguration;
			buildSettings = {
				ASSETCATALOG_COMPILER_APPICON_NAME = AppIcon;
				COMBINE_HIDPI_IMAGES = YES;
				INFOPLIST_FILE = QL/Info.plist;
				LD_RUNPATH_SEARCH_PATHS = "$(inherited) @executable_path/../Frameworks";
				PRODUCT_BUNDLE_IDENTIFIER = it.jorry.QL;
				PRODUCT_NAME = "$(TARGET_NAME)";
			};
			name = Release;
		};
/* End XCBuildConfiguration section */

/* Begin XCConfigurationList section */
		8C34778C1C621E85003E099E /* Build configuration list for PBXProject "QL" */ = {
			isa = XCConfigurationList;
			buildConfigurations = (
				8C34779C1C621E85003E099E /* Debug */,
				8C34779D1C621E85003E099E /* Release */,
			);
			defaultConfigurationIsVisible = 0;
			defaultConfigurationName = Release;
		};
		8C34779E1C621E85003E099E /* Build configuration list for PBXNativeTarget "QL" */ = {
			isa = XCConfigurationList;
			buildConfigurations = (
				8C34779F1C621E85003E099E /* Debug */,
				8C3477A01C621E85003E099E /* Release */,
			);
			defaultConfigurationIsVisible = 0;
			defaultConfigurationName = Release;
		};
/* End XCConfigurationList section */
	};
	rootObject = 8C3477891C621E85003E099E /* Project object */;
}
