// !$*UTF8*$!
{
	archiveVersion = 1;
	classes = {
	};
	objectVersion = 46;
	objects = {

/* Begin PBXBuildFile section */
		0FA83CA2CB0E7E618D71379C /* Pods_QLSwift.framework in Frameworks */ = {isa = PBXBuildFile; fileRef = 4A4D07FDC44ABEC2E420B51C /* Pods_QLSwift.framework */; };
		E21DC3EF1C6CE095005564FE /* ChooseFormView.xib in Resources */ = {isa = PBXBuildFile; fileRef = E21DC3EE1C6CE095005564FE /* ChooseFormView.xib */; };
		E21DC3F31C6CE127005564FE /* BaseViewController.swift in Sources */ = {isa = PBXBuildFile; fileRef = E21DC3F21C6CE127005564FE /* BaseViewController.swift */; };
		E21DC3F71C6CE6C3005564FE /* FormViewController.swift in Sources */ = {isa = PBXBuildFile; fileRef = E21DC3F61C6CE6C3005564FE /* FormViewController.swift */; };
		E21DC3F91C6CE6E8005564FE /* FormView.xib in Resources */ = {isa = PBXBuildFile; fileRef = E21DC3F81C6CE6E8005564FE /* FormView.xib */; };
		E21DC3FC1C6D6AAE005564FE /* QuestionTextView.xib in Resources */ = {isa = PBXBuildFile; fileRef = E21DC3FB1C6D6AAE005564FE /* QuestionTextView.xib */; };
		E21DC3FE1C6D6AE4005564FE /* QuestionTextView.swift in Sources */ = {isa = PBXBuildFile; fileRef = E21DC3FD1C6D6AE4005564FE /* QuestionTextView.swift */; };
		E21F690A1C73CF1300EB9E09 /* TypedValidForm.ql in Resources */ = {isa = PBXBuildFile; fileRef = E21F69091C73CF1300EB9E09 /* TypedValidForm.ql */; };
		E21F690C1C73D19C00EB9E09 /* TypedInvalidForms.ql in Resources */ = {isa = PBXBuildFile; fileRef = E21F690B1C73D19C00EB9E09 /* TypedInvalidForms.ql */; };
		E21F69111C747CBE00EB9E09 /* Utils.swift in Sources */ = {isa = PBXBuildFile; fileRef = E21F69101C747CBE00EB9E09 /* Utils.swift */; };
		E2270DB51C73C1B400E5FC2A /* SemanticAnalyzerTests.swift in Sources */ = {isa = PBXBuildFile; fileRef = E2270DB41C73C1B400E5FC2A /* SemanticAnalyzerTests.swift */; };
		E2270DB91C73C22800E5FC2A /* FormTests.swift in Sources */ = {isa = PBXBuildFile; fileRef = E2270DB81C73C22800E5FC2A /* FormTests.swift */; };
		E2270DBC1C73C2CC00E5FC2A /* SimpleForms.ql in Resources */ = {isa = PBXBuildFile; fileRef = E2270DBB1C73C2CC00E5FC2A /* SimpleForms.ql */; };
		E23493091C6CB42900B40020 /* FormNodeVisitor.swift in Sources */ = {isa = PBXBuildFile; fileRef = E23493081C6CB42900B40020 /* FormNodeVisitor.swift */; };
		E234930C1C6CB73000B40020 /* SemanticAnalyzer.swift in Sources */ = {isa = PBXBuildFile; fileRef = E234930B1C6CB73000B40020 /* SemanticAnalyzer.swift */; };
		E234930E1C6CCE6700B40020 /* SemanticError.swift in Sources */ = {isa = PBXBuildFile; fileRef = E234930D1C6CCE6700B40020 /* SemanticError.swift */; };
		E23493101C6CD55000B40020 /* Context.swift in Sources */ = {isa = PBXBuildFile; fileRef = E234930F1C6CD55000B40020 /* Context.swift */; };
		E23493121C6CD59F00B40020 /* Parser.swift in Sources */ = {isa = PBXBuildFile; fileRef = E23493111C6CD59F00B40020 /* Parser.swift */; };
		E26CC9221C6B7CE80042B5FF /* QLExpression.swift in Sources */ = {isa = PBXBuildFile; fileRef = E26CC91A1C6B7CE80042B5FF /* QLExpression.swift */; };
		E26CC9231C6B7CE80042B5FF /* QLForm.swift in Sources */ = {isa = PBXBuildFile; fileRef = E26CC91B1C6B7CE80042B5FF /* QLForm.swift */; };
		E26CC9241C6B7CE80042B5FF /* QLInfix.swift in Sources */ = {isa = PBXBuildFile; fileRef = E26CC91C1C6B7CE80042B5FF /* QLInfix.swift */; };
		E26CC9251C6B7CE80042B5FF /* QLLiteral.swift in Sources */ = {isa = PBXBuildFile; fileRef = E26CC91D1C6B7CE80042B5FF /* QLLiteral.swift */; };
		E26CC9261C6B7CE80042B5FF /* QLPrefix.swift in Sources */ = {isa = PBXBuildFile; fileRef = E26CC91E1C6B7CE80042B5FF /* QLPrefix.swift */; };
		E26CC9271C6B7CE80042B5FF /* QLQuestion.swift in Sources */ = {isa = PBXBuildFile; fileRef = E26CC91F1C6B7CE80042B5FF /* QLQuestion.swift */; };
		E26CC9281C6B7CE80042B5FF /* QLStatement.swift in Sources */ = {isa = PBXBuildFile; fileRef = E26CC9201C6B7CE80042B5FF /* QLStatement.swift */; };
		E26CC9291C6B7CE80042B5FF /* QLVariable.swift in Sources */ = {isa = PBXBuildFile; fileRef = E26CC9211C6B7CE80042B5FF /* QLVariable.swift */; };
		E26CC92E1C6B8A260042B5FF /* Form.swift in Sources */ = {isa = PBXBuildFile; fileRef = E26CC92D1C6B8A260042B5FF /* Form.swift */; };
		E26CC9341C6B8B030042B5FF /* Statement.swift in Sources */ = {isa = PBXBuildFile; fileRef = E26CC92F1C6B8B030042B5FF /* Statement.swift */; };
		E26CC93A1C6B8C8C0042B5FF /* Expression.swift in Sources */ = {isa = PBXBuildFile; fileRef = E26CC9391C6B8C8C0042B5FF /* Expression.swift */; };
		E29A237E1C6D6C6500281E49 /* Podfile in Resources */ = {isa = PBXBuildFile; fileRef = E29A237D1C6D6C6500281E49 /* Podfile */; };
		E29D0BE71C72766800AB3BCF /* FailQuestion.ql in Resources */ = {isa = PBXBuildFile; fileRef = E29D0BE61C72766800AB3BCF /* FailQuestion.ql */; };
		E29D0BEC1C727B3000AB3BCF /* ParseMultiple.ql in Resources */ = {isa = PBXBuildFile; fileRef = E29D0BEB1C727B3000AB3BCF /* ParseMultiple.ql */; };
		E2A5AAAE1C6CDF010009E869 /* ChooseFormViewController.swift in Sources */ = {isa = PBXBuildFile; fileRef = E2A5AAAC1C6CDF010009E869 /* ChooseFormViewController.swift */; };
		E2A5AAAF1C6CDF010009E869 /* RootViewController.swift in Sources */ = {isa = PBXBuildFile; fileRef = E2A5AAAD1C6CDF010009E869 /* RootViewController.swift */; };
		E2A5AAB11C6CDF350009E869 /* StringExtension.swift in Sources */ = {isa = PBXBuildFile; fileRef = E2A5AAB01C6CDF350009E869 /* StringExtension.swift */; };
		E2CE05EF1C62191F00F2B43B /* QLSwiftTests.swift in Sources */ = {isa = PBXBuildFile; fileRef = E2CE05EE1C62191F00F2B43B /* QLSwiftTests.swift */; };
		E2CE06001C621A1600F2B43B /* Assets.xcassets in Resources */ = {isa = PBXBuildFile; fileRef = E2CE05FF1C621A1600F2B43B /* Assets.xcassets */; };
		E2CE06031C621A1D00F2B43B /* AppDelegate.swift in Sources */ = {isa = PBXBuildFile; fileRef = E2CE06011C621A1D00F2B43B /* AppDelegate.swift */; };
		E2CE060A1C621A6400F2B43B /* LaunchScreen.xib in Resources */ = {isa = PBXBuildFile; fileRef = E2CE06091C621A6400F2B43B /* LaunchScreen.xib */; };
		E2CE060D1C621C4800F2B43B /* RootView.xib in Resources */ = {isa = PBXBuildFile; fileRef = E2CE060C1C621C4800F2B43B /* RootView.xib */; };
		E2D5188F1C6D6F19008030C4 /* UIView.swift in Sources */ = {isa = PBXBuildFile; fileRef = E2D5188E1C6D6F19008030C4 /* UIView.swift */; };
		E2D518931C6E15B5008030C4 /* QuestionView.swift in Sources */ = {isa = PBXBuildFile; fileRef = E2D518921C6E15B5008030C4 /* QuestionView.swift */; };
		E2D5189D1C700215008030C4 /* QLParser.swift in Sources */ = {isa = PBXBuildFile; fileRef = E2DF30FD1C62380600F5227B /* QLParser.swift */; };
		E2D5189F1C700220008030C4 /* QLExpression.swift in Sources */ = {isa = PBXBuildFile; fileRef = E26CC91A1C6B7CE80042B5FF /* QLExpression.swift */; };
		E2D518A01C700220008030C4 /* QLForm.swift in Sources */ = {isa = PBXBuildFile; fileRef = E26CC91B1C6B7CE80042B5FF /* QLForm.swift */; };
		E2D518A11C700220008030C4 /* QLInfix.swift in Sources */ = {isa = PBXBuildFile; fileRef = E26CC91C1C6B7CE80042B5FF /* QLInfix.swift */; };
		E2D518A21C700220008030C4 /* QLLiteral.swift in Sources */ = {isa = PBXBuildFile; fileRef = E26CC91D1C6B7CE80042B5FF /* QLLiteral.swift */; };
		E2D518A31C700220008030C4 /* QLPrefix.swift in Sources */ = {isa = PBXBuildFile; fileRef = E26CC91E1C6B7CE80042B5FF /* QLPrefix.swift */; };
		E2D518A41C700220008030C4 /* QLQuestion.swift in Sources */ = {isa = PBXBuildFile; fileRef = E26CC91F1C6B7CE80042B5FF /* QLQuestion.swift */; };
		E2D518A51C700220008030C4 /* QLStatement.swift in Sources */ = {isa = PBXBuildFile; fileRef = E26CC9201C6B7CE80042B5FF /* QLStatement.swift */; };
		E2D518A61C700220008030C4 /* QLVariable.swift in Sources */ = {isa = PBXBuildFile; fileRef = E26CC9211C6B7CE80042B5FF /* QLVariable.swift */; };
		E2D518A71C700252008030C4 /* Expression.swift in Sources */ = {isa = PBXBuildFile; fileRef = E26CC9391C6B8C8C0042B5FF /* Expression.swift */; };
		E2D518A81C700252008030C4 /* Form.swift in Sources */ = {isa = PBXBuildFile; fileRef = E26CC92D1C6B8A260042B5FF /* Form.swift */; };
		E2D518A91C700252008030C4 /* FormNodeVisitor.swift in Sources */ = {isa = PBXBuildFile; fileRef = E23493081C6CB42900B40020 /* FormNodeVisitor.swift */; };
		E2D518AA1C700252008030C4 /* Statement.swift in Sources */ = {isa = PBXBuildFile; fileRef = E26CC92F1C6B8B030042B5FF /* Statement.swift */; };
		E2D518AB1C70025E008030C4 /* SemanticAnalyzer.swift in Sources */ = {isa = PBXBuildFile; fileRef = E234930B1C6CB73000B40020 /* SemanticAnalyzer.swift */; };
		E2D518AC1C70025E008030C4 /* SemanticError.swift in Sources */ = {isa = PBXBuildFile; fileRef = E234930D1C6CCE6700B40020 /* SemanticError.swift */; };
		E2D518AD1C70025E008030C4 /* Context.swift in Sources */ = {isa = PBXBuildFile; fileRef = E234930F1C6CD55000B40020 /* Context.swift */; };
		E2D518AE1C700270008030C4 /* Parser.swift in Sources */ = {isa = PBXBuildFile; fileRef = E23493111C6CD59F00B40020 /* Parser.swift */; };
		E2D518AF1C700287008030C4 /* StringExtension.swift in Sources */ = {isa = PBXBuildFile; fileRef = E2A5AAB01C6CDF350009E869 /* StringExtension.swift */; };
		E2D518B01C700292008030C4 /* Constants.swift in Sources */ = {isa = PBXBuildFile; fileRef = E2DF31041C62481A00F5227B /* Constants.swift */; };
		E2D518B11C7002BE008030C4 /* SwiftParsec.framework in Frameworks */ = {isa = PBXBuildFile; fileRef = E2DF30F31C62315D00F5227B /* SwiftParsec.framework */; };
		E2D518BD1C70115C008030C4 /* QLParserTests.swift in Sources */ = {isa = PBXBuildFile; fileRef = E2D518BC1C70115C008030C4 /* QLParserTests.swift */; };
		E2D518C21C701177008030C4 /* IfStatement.ql in Resources */ = {isa = PBXBuildFile; fileRef = E2D518BE1C701177008030C4 /* IfStatement.ql */; };
		E2D518C31C701177008030C4 /* Infix.ql in Resources */ = {isa = PBXBuildFile; fileRef = E2D518BF1C701177008030C4 /* Infix.ql */; };
		E2D518C41C701177008030C4 /* Literals.ql in Resources */ = {isa = PBXBuildFile; fileRef = E2D518C01C701177008030C4 /* Literals.ql */; };
		E2D518C51C701177008030C4 /* Prefix.ql in Resources */ = {isa = PBXBuildFile; fileRef = E2D518C11C701177008030C4 /* Prefix.ql */; };
		E2DF30F61C62316500F5227B /* SwiftParsec.framework in Frameworks */ = {isa = PBXBuildFile; fileRef = E2DF30F31C62315D00F5227B /* SwiftParsec.framework */; };
		E2DF30FE1C62380600F5227B /* QLParser.swift in Sources */ = {isa = PBXBuildFile; fileRef = E2DF30FD1C62380600F5227B /* QLParser.swift */; };
		E2DF31001C6240F800F5227B /* form.ql in Resources */ = {isa = PBXBuildFile; fileRef = E2DF30FF1C6240F800F5227B /* form.ql */; };
		E2DF31051C62481A00F5227B /* Constants.swift in Sources */ = {isa = PBXBuildFile; fileRef = E2DF31041C62481A00F5227B /* Constants.swift */; };
		E2DF31071C62771D00F5227B /* QLLanguageDefinition.swift in Sources */ = {isa = PBXBuildFile; fileRef = E2DF31061C62771D00F5227B /* QLLanguageDefinition.swift */; };
		E2F0A2F61C74CBC900D0C1AB /* CyclicDependency.ql in Resources */ = {isa = PBXBuildFile; fileRef = E2F0A2F51C74CBC900D0C1AB /* CyclicDependency.ql */; };
		E2F0A2FA1C75CE5900D0C1AB /* Type.swift in Sources */ = {isa = PBXBuildFile; fileRef = E2F0A2F91C75CE5900D0C1AB /* Type.swift */; };
		E2F149A81C75DF88009BB7BC /* Type.swift in Sources */ = {isa = PBXBuildFile; fileRef = E2F0A2F91C75CE5900D0C1AB /* Type.swift */; };
/* End PBXBuildFile section */

/* Begin PBXContainerItemProxy section */
		E2CE05EB1C62191F00F2B43B /* PBXContainerItemProxy */ = {
			isa = PBXContainerItemProxy;
			containerPortal = E2CE05CE1C62191F00F2B43B /* Project object */;
			proxyType = 1;
			remoteGlobalIDString = E2CE05D51C62191F00F2B43B;
			remoteInfo = QLSwift;
		};
		E2DF30F21C62315D00F5227B /* PBXContainerItemProxy */ = {
			isa = PBXContainerItemProxy;
			containerPortal = E2DF30ED1C62315D00F5227B /* SwiftParsec.xcodeproj */;
			proxyType = 2;
			remoteGlobalIDString = 57167F021B99E66800F35A29;
			remoteInfo = SwiftParsec;
		};
		E2DF30F41C62315D00F5227B /* PBXContainerItemProxy */ = {
			isa = PBXContainerItemProxy;
			containerPortal = E2DF30ED1C62315D00F5227B /* SwiftParsec.xcodeproj */;
			proxyType = 2;
			remoteGlobalIDString = 57167F0C1B99E66800F35A29;
			remoteInfo = SwiftParsecTests;
		};
/* End PBXContainerItemProxy section */

/* Begin PBXFileReference section */
		1D015104EEC687B30D114585 /* Pods-QLSwift.release.xcconfig */ = {isa = PBXFileReference; includeInIndex = 1; lastKnownFileType = text.xcconfig; name = "Pods-QLSwift.release.xcconfig"; path = "Pods/Target Support Files/Pods-QLSwift/Pods-QLSwift.release.xcconfig"; sourceTree = "<group>"; };
		47AD227412EA3A792D5B5DE7 /* Pods-QLSwift.debug.xcconfig */ = {isa = PBXFileReference; includeInIndex = 1; lastKnownFileType = text.xcconfig; name = "Pods-QLSwift.debug.xcconfig"; path = "Pods/Target Support Files/Pods-QLSwift/Pods-QLSwift.debug.xcconfig"; sourceTree = "<group>"; };
		4A4D07FDC44ABEC2E420B51C /* Pods_QLSwift.framework */ = {isa = PBXFileReference; explicitFileType = wrapper.framework; includeInIndex = 0; path = Pods_QLSwift.framework; sourceTree = BUILT_PRODUCTS_DIR; };
		E21DC3EE1C6CE095005564FE /* ChooseFormView.xib */ = {isa = PBXFileReference; fileEncoding = 4; lastKnownFileType = file.xib; name = ChooseFormView.xib; path = Views/ChooseFormView.xib; sourceTree = "<group>"; };
		E21DC3F21C6CE127005564FE /* BaseViewController.swift */ = {isa = PBXFileReference; fileEncoding = 4; lastKnownFileType = sourcecode.swift; name = BaseViewController.swift; path = Src/ViewControllers/BaseViewController.swift; sourceTree = "<group>"; };
		E21DC3F61C6CE6C3005564FE /* FormViewController.swift */ = {isa = PBXFileReference; fileEncoding = 4; lastKnownFileType = sourcecode.swift; name = FormViewController.swift; path = Src/ViewControllers/FormViewController.swift; sourceTree = "<group>"; };
		E21DC3F81C6CE6E8005564FE /* FormView.xib */ = {isa = PBXFileReference; fileEncoding = 4; lastKnownFileType = file.xib; name = FormView.xib; path = Views/FormView.xib; sourceTree = "<group>"; };
		E21DC3FB1C6D6AAE005564FE /* QuestionTextView.xib */ = {isa = PBXFileReference; fileEncoding = 4; lastKnownFileType = file.xib; name = QuestionTextView.xib; path = Views/Form/QuestionTextView.xib; sourceTree = "<group>"; };
		E21DC3FD1C6D6AE4005564FE /* QuestionTextView.swift */ = {isa = PBXFileReference; fileEncoding = 4; lastKnownFileType = sourcecode.swift; name = QuestionTextView.swift; path = Src/UI/Form/QuestionTextView.swift; sourceTree = "<group>"; };
		E21F69091C73CF1300EB9E09 /* TypedValidForm.ql */ = {isa = PBXFileReference; fileEncoding = 4; lastKnownFileType = text; name = TypedValidForm.ql; path = Resources/QL/SemanticAnalyzerTests/TypedValidForm.ql; sourceTree = "<group>"; };
		E21F690B1C73D19C00EB9E09 /* TypedInvalidForms.ql */ = {isa = PBXFileReference; fileEncoding = 4; lastKnownFileType = text; name = TypedInvalidForms.ql; path = Resources/QL/SemanticAnalyzerTests/TypedInvalidForms.ql; sourceTree = "<group>"; };
		E21F69101C747CBE00EB9E09 /* Utils.swift */ = {isa = PBXFileReference; fileEncoding = 4; lastKnownFileType = sourcecode.swift; name = Utils.swift; path = "Supporting Files/Utils.swift"; sourceTree = "<group>"; };
		E2270DB41C73C1B400E5FC2A /* SemanticAnalyzerTests.swift */ = {isa = PBXFileReference; fileEncoding = 4; lastKnownFileType = sourcecode.swift; name = SemanticAnalyzerTests.swift; path = Src/Parser/SemanticAnalyzerTests.swift; sourceTree = "<group>"; };
		E2270DB81C73C22800E5FC2A /* FormTests.swift */ = {isa = PBXFileReference; fileEncoding = 4; lastKnownFileType = sourcecode.swift; name = FormTests.swift; path = Src/Parser/FormTests.swift; sourceTree = "<group>"; };
		E2270DBB1C73C2CC00E5FC2A /* SimpleForms.ql */ = {isa = PBXFileReference; fileEncoding = 4; lastKnownFileType = text; name = SimpleForms.ql; path = Resources/QL/FormTests/SimpleForms.ql; sourceTree = "<group>"; };
		E23493081C6CB42900B40020 /* FormNodeVisitor.swift */ = {isa = PBXFileReference; fileEncoding = 4; lastKnownFileType = sourcecode.swift; name = FormNodeVisitor.swift; path = Src/Parser/AST/FormNodeVisitor.swift; sourceTree = "<group>"; };
		E234930B1C6CB73000B40020 /* SemanticAnalyzer.swift */ = {isa = PBXFileReference; fileEncoding = 4; lastKnownFileType = sourcecode.swift; name = SemanticAnalyzer.swift; path = Src/Parser/SemanticAnalyzer/SemanticAnalyzer.swift; sourceTree = "<group>"; };
		E234930D1C6CCE6700B40020 /* SemanticError.swift */ = {isa = PBXFileReference; fileEncoding = 4; lastKnownFileType = sourcecode.swift; name = SemanticError.swift; path = Src/Parser/SemanticAnalyzer/SemanticError.swift; sourceTree = "<group>"; };
		E234930F1C6CD55000B40020 /* Context.swift */ = {isa = PBXFileReference; fileEncoding = 4; lastKnownFileType = sourcecode.swift; name = Context.swift; path = Src/Parser/SemanticAnalyzer/Context.swift; sourceTree = "<group>"; };
		E23493111C6CD59F00B40020 /* Parser.swift */ = {isa = PBXFileReference; fileEncoding = 4; lastKnownFileType = sourcecode.swift; name = Parser.swift; path = Src/Parser/Parser.swift; sourceTree = "<group>"; };
		E26CC91A1C6B7CE80042B5FF /* QLExpression.swift */ = {isa = PBXFileReference; fileEncoding = 4; lastKnownFileType = sourcecode.swift; name = QLExpression.swift; path = Src/Parser/ParseTree/QLExpression.swift; sourceTree = "<group>"; };
		E26CC91B1C6B7CE80042B5FF /* QLForm.swift */ = {isa = PBXFileReference; fileEncoding = 4; lastKnownFileType = sourcecode.swift; name = QLForm.swift; path = Src/Parser/ParseTree/QLForm.swift; sourceTree = "<group>"; };
		E26CC91C1C6B7CE80042B5FF /* QLInfix.swift */ = {isa = PBXFileReference; fileEncoding = 4; lastKnownFileType = sourcecode.swift; name = QLInfix.swift; path = Src/Parser/ParseTree/QLInfix.swift; sourceTree = "<group>"; };
		E26CC91D1C6B7CE80042B5FF /* QLLiteral.swift */ = {isa = PBXFileReference; fileEncoding = 4; lastKnownFileType = sourcecode.swift; name = QLLiteral.swift; path = Src/Parser/ParseTree/QLLiteral.swift; sourceTree = "<group>"; };
		E26CC91E1C6B7CE80042B5FF /* QLPrefix.swift */ = {isa = PBXFileReference; fileEncoding = 4; lastKnownFileType = sourcecode.swift; name = QLPrefix.swift; path = Src/Parser/ParseTree/QLPrefix.swift; sourceTree = "<group>"; };
		E26CC91F1C6B7CE80042B5FF /* QLQuestion.swift */ = {isa = PBXFileReference; fileEncoding = 4; lastKnownFileType = sourcecode.swift; name = QLQuestion.swift; path = Src/Parser/ParseTree/QLQuestion.swift; sourceTree = "<group>"; };
		E26CC9201C6B7CE80042B5FF /* QLStatement.swift */ = {isa = PBXFileReference; fileEncoding = 4; lastKnownFileType = sourcecode.swift; name = QLStatement.swift; path = Src/Parser/ParseTree/QLStatement.swift; sourceTree = "<group>"; };
		E26CC9211C6B7CE80042B5FF /* QLVariable.swift */ = {isa = PBXFileReference; fileEncoding = 4; lastKnownFileType = sourcecode.swift; name = QLVariable.swift; path = Src/Parser/ParseTree/QLVariable.swift; sourceTree = "<group>"; };
		E26CC92D1C6B8A260042B5FF /* Form.swift */ = {isa = PBXFileReference; fileEncoding = 4; lastKnownFileType = sourcecode.swift; name = Form.swift; path = Src/Parser/AST/Form.swift; sourceTree = "<group>"; };
		E26CC92F1C6B8B030042B5FF /* Statement.swift */ = {isa = PBXFileReference; fileEncoding = 4; lastKnownFileType = sourcecode.swift; name = Statement.swift; path = Src/Parser/AST/Statement.swift; sourceTree = "<group>"; };
		E26CC9391C6B8C8C0042B5FF /* Expression.swift */ = {isa = PBXFileReference; fileEncoding = 4; lastKnownFileType = sourcecode.swift; name = Expression.swift; path = Src/Parser/AST/Expression.swift; sourceTree = "<group>"; };
		E29A237D1C6D6C6500281E49 /* Podfile */ = {isa = PBXFileReference; fileEncoding = 4; lastKnownFileType = text; path = Podfile; sourceTree = SOURCE_ROOT; xcLanguageSpecificationIdentifier = xcode.lang.ruby; };
		E29D0BE61C72766800AB3BCF /* FailQuestion.ql */ = {isa = PBXFileReference; fileEncoding = 4; lastKnownFileType = text; name = FailQuestion.ql; path = Resources/QL/QLParserTests/FailQuestion.ql; sourceTree = "<group>"; };
		E29D0BEB1C727B3000AB3BCF /* ParseMultiple.ql */ = {isa = PBXFileReference; fileEncoding = 4; lastKnownFileType = text; name = ParseMultiple.ql; path = Resources/QL/QLParserTests/ParseMultiple.ql; sourceTree = "<group>"; };
		E2A5AAAC1C6CDF010009E869 /* ChooseFormViewController.swift */ = {isa = PBXFileReference; fileEncoding = 4; lastKnownFileType = sourcecode.swift; name = ChooseFormViewController.swift; path = Src/ViewControllers/ChooseFormViewController.swift; sourceTree = "<group>"; };
		E2A5AAAD1C6CDF010009E869 /* RootViewController.swift */ = {isa = PBXFileReference; fileEncoding = 4; lastKnownFileType = sourcecode.swift; name = RootViewController.swift; path = Src/ViewControllers/RootViewController.swift; sourceTree = "<group>"; };
		E2A5AAB01C6CDF350009E869 /* StringExtension.swift */ = {isa = PBXFileReference; fileEncoding = 4; lastKnownFileType = sourcecode.swift; name = StringExtension.swift; path = Src/Extensions/StringExtension.swift; sourceTree = "<group>"; };
		E2CE05D61C62191F00F2B43B /* QLSwift.app */ = {isa = PBXFileReference; explicitFileType = wrapper.application; includeInIndex = 0; path = QLSwift.app; sourceTree = BUILT_PRODUCTS_DIR; };
		E2CE05EA1C62191F00F2B43B /* QLSwiftTests.xctest */ = {isa = PBXFileReference; explicitFileType = wrapper.cfbundle; includeInIndex = 0; path = QLSwiftTests.xctest; sourceTree = BUILT_PRODUCTS_DIR; };
		E2CE05EE1C62191F00F2B43B /* QLSwiftTests.swift */ = {isa = PBXFileReference; lastKnownFileType = sourcecode.swift; path = QLSwiftTests.swift; sourceTree = "<group>"; };
		E2CE05F01C62191F00F2B43B /* Info.plist */ = {isa = PBXFileReference; lastKnownFileType = text.plist.xml; path = Info.plist; sourceTree = "<group>"; };
		E2CE05FF1C621A1600F2B43B /* Assets.xcassets */ = {isa = PBXFileReference; lastKnownFileType = folder.assetcatalog; name = Assets.xcassets; path = Resources/Assets.xcassets; sourceTree = "<group>"; };
		E2CE06011C621A1D00F2B43B /* AppDelegate.swift */ = {isa = PBXFileReference; fileEncoding = 4; lastKnownFileType = sourcecode.swift; name = AppDelegate.swift; path = Src/AppDelegate.swift; sourceTree = "<group>"; };
		E2CE06051C621A2200F2B43B /* Info.plist */ = {isa = PBXFileReference; fileEncoding = 4; lastKnownFileType = text.plist.xml; name = Info.plist; path = "Supporting Files/Info.plist"; sourceTree = "<group>"; };
		E2CE06091C621A6400F2B43B /* LaunchScreen.xib */ = {isa = PBXFileReference; fileEncoding = 4; lastKnownFileType = file.xib; name = LaunchScreen.xib; path = Views/LaunchScreen.xib; sourceTree = "<group>"; };
		E2CE060C1C621C4800F2B43B /* RootView.xib */ = {isa = PBXFileReference; fileEncoding = 4; lastKnownFileType = file.xib; name = RootView.xib; path = Views/RootView.xib; sourceTree = "<group>"; };
		E2D5188E1C6D6F19008030C4 /* UIView.swift */ = {isa = PBXFileReference; fileEncoding = 4; lastKnownFileType = sourcecode.swift; name = UIView.swift; path = Src/Extensions/UIView.swift; sourceTree = "<group>"; };
		E2D518921C6E15B5008030C4 /* QuestionView.swift */ = {isa = PBXFileReference; fileEncoding = 4; lastKnownFileType = sourcecode.swift; name = QuestionView.swift; path = Src/UI/Form/QuestionView.swift; sourceTree = "<group>"; };
		E2D518BC1C70115C008030C4 /* QLParserTests.swift */ = {isa = PBXFileReference; fileEncoding = 4; lastKnownFileType = sourcecode.swift; name = QLParserTests.swift; path = Src/Parser/QLParserTests.swift; sourceTree = "<group>"; };
		E2D518BE1C701177008030C4 /* IfStatement.ql */ = {isa = PBXFileReference; fileEncoding = 4; lastKnownFileType = text; name = IfStatement.ql; path = Resources/QL/QLParserTests/IfStatement.ql; sourceTree = "<group>"; };
		E2D518BF1C701177008030C4 /* Infix.ql */ = {isa = PBXFileReference; fileEncoding = 4; lastKnownFileType = text; name = Infix.ql; path = Resources/QL/QLParserTests/Infix.ql; sourceTree = "<group>"; };
		E2D518C01C701177008030C4 /* Literals.ql */ = {isa = PBXFileReference; fileEncoding = 4; lastKnownFileType = text; name = Literals.ql; path = Resources/QL/QLParserTests/Literals.ql; sourceTree = "<group>"; };
		E2D518C11C701177008030C4 /* Prefix.ql */ = {isa = PBXFileReference; fileEncoding = 4; lastKnownFileType = text; name = Prefix.ql; path = Resources/QL/QLParserTests/Prefix.ql; sourceTree = "<group>"; };
		E2DF30ED1C62315D00F5227B /* SwiftParsec.xcodeproj */ = {isa = PBXFileReference; lastKnownFileType = "wrapper.pb-project"; name = SwiftParsec.xcodeproj; path = QLSwift/Resources/Frameworks/SwiftParsec/SwiftParsec.xcodeproj; sourceTree = SOURCE_ROOT; };
		E2DF30FD1C62380600F5227B /* QLParser.swift */ = {isa = PBXFileReference; fileEncoding = 4; lastKnownFileType = sourcecode.swift; name = QLParser.swift; path = Src/Parser/QLParser/QLParser.swift; sourceTree = "<group>"; };
		E2DF30FF1C6240F800F5227B /* form.ql */ = {isa = PBXFileReference; fileEncoding = 4; lastKnownFileType = text; name = form.ql; path = Resources/form.ql; sourceTree = "<group>"; };
		E2DF31041C62481A00F5227B /* Constants.swift */ = {isa = PBXFileReference; fileEncoding = 4; lastKnownFileType = sourcecode.swift; name = Constants.swift; path = "Supporting Files/Constants.swift"; sourceTree = "<group>"; };
		E2DF31061C62771D00F5227B /* QLLanguageDefinition.swift */ = {isa = PBXFileReference; fileEncoding = 4; lastKnownFileType = sourcecode.swift; name = QLLanguageDefinition.swift; path = Src/Parser/QLParser/QLLanguageDefinition.swift; sourceTree = "<group>"; };
		E2F0A2F51C74CBC900D0C1AB /* CyclicDependency.ql */ = {isa = PBXFileReference; fileEncoding = 4; lastKnownFileType = text; name = CyclicDependency.ql; path = Resources/QL/SemanticAnalyzerTests/CyclicDependency.ql; sourceTree = "<group>"; };
		E2F0A2F91C75CE5900D0C1AB /* Type.swift */ = {isa = PBXFileReference; fileEncoding = 4; lastKnownFileType = sourcecode.swift; name = Type.swift; path = Src/Parser/AST/Type.swift; sourceTree = "<group>"; };
/* End PBXFileReference section */

/* Begin PBXFrameworksBuildPhase section */
		E2CE05D31C62191F00F2B43B /* Frameworks */ = {
			isa = PBXFrameworksBuildPhase;
			buildActionMask = 2147483647;
			files = (
				E2DF30F61C62316500F5227B /* SwiftParsec.framework in Frameworks */,
				0FA83CA2CB0E7E618D71379C /* Pods_QLSwift.framework in Frameworks */,
			);
			runOnlyForDeploymentPostprocessing = 0;
		};
		E2CE05E71C62191F00F2B43B /* Frameworks */ = {
			isa = PBXFrameworksBuildPhase;
			buildActionMask = 2147483647;
			files = (
				E2D518B11C7002BE008030C4 /* SwiftParsec.framework in Frameworks */,
			);
			runOnlyForDeploymentPostprocessing = 0;
		};
/* End PBXFrameworksBuildPhase section */

/* Begin PBXGroup section */
		2C81E8430F9FDC528D90C99C /* Frameworks */ = {
			isa = PBXGroup;
			children = (
				4A4D07FDC44ABEC2E420B51C /* Pods_QLSwift.framework */,
			);
			name = Frameworks;
			sourceTree = "<group>";
		};
		4174DF93E29B400C1CC791AE /* Pods */ = {
			isa = PBXGroup;
			children = (
				47AD227412EA3A792D5B5DE7 /* Pods-QLSwift.debug.xcconfig */,
				1D015104EEC687B30D114585 /* Pods-QLSwift.release.xcconfig */,
			);
			name = Pods;
			sourceTree = "<group>";
		};
		E21DC3FA1C6D6A10005564FE /* Form */ = {
			isa = PBXGroup;
			children = (
				E21DC3FB1C6D6AAE005564FE /* QuestionTextView.xib */,
			);
			name = Form;
			sourceTree = "<group>";
		};
		E21F69081C73CEEB00EB9E09 /* SemanticAnalyzerTests */ = {
			isa = PBXGroup;
			children = (
				E21F69091C73CF1300EB9E09 /* TypedValidForm.ql */,
				E2F0A2F51C74CBC900D0C1AB /* CyclicDependency.ql */,
				E21F690B1C73D19C00EB9E09 /* TypedInvalidForms.ql */,
			);
			name = SemanticAnalyzerTests;
			sourceTree = "<group>";
		};
		E2270DBA1C73C27A00E5FC2A /* FormTests */ = {
			isa = PBXGroup;
			children = (
				E2270DBB1C73C2CC00E5FC2A /* SimpleForms.ql */,
			);
			name = FormTests;
			sourceTree = "<group>";
		};
		E234930A1C6CB70F00B40020 /* SemanticAnalyzer */ = {
			isa = PBXGroup;
			children = (
				E234930F1C6CD55000B40020 /* Context.swift */,
				E234930B1C6CB73000B40020 /* SemanticAnalyzer.swift */,
				E234930D1C6CCE6700B40020 /* SemanticError.swift */,
			);
			name = SemanticAnalyzer;
			sourceTree = "<group>";
		};
		E264170A1C622BD3006F9056 /* Frameworks */ = {
			isa = PBXGroup;
			children = (
				E2DF30ED1C62315D00F5227B /* SwiftParsec.xcodeproj */,
			);
			name = Frameworks;
			path = Resources/Libraries;
			sourceTree = "<group>";
		};
		E26CC92A1C6B7CF40042B5FF /* AST */ = {
			isa = PBXGroup;
			children = (
				E26CC9391C6B8C8C0042B5FF /* Expression.swift */,
				E26CC92D1C6B8A260042B5FF /* Form.swift */,
				E23493081C6CB42900B40020 /* FormNodeVisitor.swift */,
				E26CC92F1C6B8B030042B5FF /* Statement.swift */,
				E2F0A2F91C75CE5900D0C1AB /* Type.swift */,
			);
			name = AST;
			sourceTree = "<group>";
		};
		E2A5AAA81C6CDE360009E869 /* Form */ = {
			isa = PBXGroup;
			children = (
				E21DC3FD1C6D6AE4005564FE /* QuestionTextView.swift */,
				E2D518921C6E15B5008030C4 /* QuestionView.swift */,
			);
			name = Form;
			sourceTree = "<group>";
		};
		E2A5AAAB1C6CDEBF0009E869 /* ViewControllers */ = {
			isa = PBXGroup;
			children = (
				E21DC3F21C6CE127005564FE /* BaseViewController.swift */,
				E2A5AAAC1C6CDF010009E869 /* ChooseFormViewController.swift */,
				E21DC3F61C6CE6C3005564FE /* FormViewController.swift */,
				E2A5AAAD1C6CDF010009E869 /* RootViewController.swift */,
			);
			name = ViewControllers;
			sourceTree = "<group>";
		};
		E2CE05CD1C62191F00F2B43B = {
			isa = PBXGroup;
			children = (
				E2CE05D81C62191F00F2B43B /* QLSwift */,
				E2CE05ED1C62191F00F2B43B /* QLSwiftTests */,
				E2CE05D71C62191F00F2B43B /* Products */,
				4174DF93E29B400C1CC791AE /* Pods */,
				2C81E8430F9FDC528D90C99C /* Frameworks */,
			);
			sourceTree = "<group>";
		};
		E2CE05D71C62191F00F2B43B /* Products */ = {
			isa = PBXGroup;
			children = (
				E2CE05D61C62191F00F2B43B /* QLSwift.app */,
				E2CE05EA1C62191F00F2B43B /* QLSwiftTests.xctest */,
			);
			name = Products;
			sourceTree = "<group>";
		};
		E2CE05D81C62191F00F2B43B /* QLSwift */ = {
			isa = PBXGroup;
			children = (
				E2CE05FB1C62196500F2B43B /* Src */,
				E2CE05FC1C62199200F2B43B /* Views */,
				E2CE05FA1C62195800F2B43B /* Supporting Files */,
				E2CE05F91C62194A00F2B43B /* Resources */,
				E29A237D1C6D6C6500281E49 /* Podfile */,
			);
			path = QLSwift;
			sourceTree = "<group>";
		};
		E2CE05ED1C62191F00F2B43B /* QLSwiftTests */ = {
			isa = PBXGroup;
			children = (
				E2D518941C6FF9E1008030C4 /* Src */,
				E2D518B21C700782008030C4 /* Supporting Files */,
				E2D518991C6FFB94008030C4 /* Resources */,
				E2CE05F01C62191F00F2B43B /* Info.plist */,
				E2CE05EE1C62191F00F2B43B /* QLSwiftTests.swift */,
			);
			path = QLSwiftTests;
			sourceTree = "<group>";
		};
		E2CE05F91C62194A00F2B43B /* Resources */ = {
			isa = PBXGroup;
			children = (
				E264170A1C622BD3006F9056 /* Frameworks */,
				E2CE05FF1C621A1600F2B43B /* Assets.xcassets */,
				E2DF30FF1C6240F800F5227B /* form.ql */,
			);
			name = Resources;
			sourceTree = "<group>";
		};
		E2CE05FA1C62195800F2B43B /* Supporting Files */ = {
			isa = PBXGroup;
			children = (
				E2CE06051C621A2200F2B43B /* Info.plist */,
				E2DF31041C62481A00F5227B /* Constants.swift */,
			);
			name = "Supporting Files";
			sourceTree = "<group>";
		};
		E2CE05FB1C62196500F2B43B /* Src */ = {
			isa = PBXGroup;
			children = (
				E2CE06011C621A1D00F2B43B /* AppDelegate.swift */,
				E2A5AAAB1C6CDEBF0009E869 /* ViewControllers */,
				E2DF31011C62448900F5227B /* Extensions */,
				E2CE060B1C621BA000F2B43B /* UI */,
				E2DF30F91C6237E600F5227B /* Parser */,
			);
			name = Src;
			sourceTree = "<group>";
		};
		E2CE05FC1C62199200F2B43B /* Views */ = {
			isa = PBXGroup;
			children = (
				E21DC3FA1C6D6A10005564FE /* Form */,
				E21DC3EE1C6CE095005564FE /* ChooseFormView.xib */,
				E2CE06091C621A6400F2B43B /* LaunchScreen.xib */,
				E2CE060C1C621C4800F2B43B /* RootView.xib */,
				E21DC3F81C6CE6E8005564FE /* FormView.xib */,
			);
			name = Views;
			sourceTree = "<group>";
		};
		E2CE060B1C621BA000F2B43B /* UI */ = {
			isa = PBXGroup;
			children = (
				E2A5AAA81C6CDE360009E869 /* Form */,
			);
			name = UI;
			sourceTree = "<group>";
		};
		E2D518941C6FF9E1008030C4 /* Src */ = {
			isa = PBXGroup;
			children = (
				E2D518951C6FF9ED008030C4 /* Parser */,
			);
			name = Src;
			sourceTree = "<group>";
		};
		E2D518951C6FF9ED008030C4 /* Parser */ = {
			isa = PBXGroup;
			children = (
				E2D518BC1C70115C008030C4 /* QLParserTests.swift */,
				E2270DB41C73C1B400E5FC2A /* SemanticAnalyzerTests.swift */,
				E2270DB81C73C22800E5FC2A /* FormTests.swift */,
			);
			name = Parser;
			sourceTree = "<group>";
		};
		E2D518991C6FFB94008030C4 /* Resources */ = {
			isa = PBXGroup;
			children = (
				E2D5189A1C6FFBB0008030C4 /* QL */,
			);
			name = Resources;
			sourceTree = "<group>";
		};
		E2D5189A1C6FFBB0008030C4 /* QL */ = {
			isa = PBXGroup;
			children = (
				E2270DBA1C73C27A00E5FC2A /* FormTests */,
				E2D518BB1C70112A008030C4 /* QLParserTests */,
				E21F69081C73CEEB00EB9E09 /* SemanticAnalyzerTests */,
			);
			name = QL;
			sourceTree = "<group>";
		};
		E2D518B21C700782008030C4 /* Supporting Files */ = {
			isa = PBXGroup;
			children = (
				E21F69101C747CBE00EB9E09 /* Utils.swift */,
			);
			name = "Supporting Files";
			sourceTree = "<group>";
		};
		E2D518BB1C70112A008030C4 /* QLParserTests */ = {
			isa = PBXGroup;
			children = (
				E29D0BE61C72766800AB3BCF /* FailQuestion.ql */,
				E2D518BE1C701177008030C4 /* IfStatement.ql */,
				E2D518BF1C701177008030C4 /* Infix.ql */,
				E2D518C01C701177008030C4 /* Literals.ql */,
				E29D0BEB1C727B3000AB3BCF /* ParseMultiple.ql */,
				E2D518C11C701177008030C4 /* Prefix.ql */,
			);
			name = QLParserTests;
			sourceTree = "<group>";
		};
		E2DF30EE1C62315D00F5227B /* Products */ = {
			isa = PBXGroup;
			children = (
				E2DF30F31C62315D00F5227B /* SwiftParsec.framework */,
				E2DF30F51C62315D00F5227B /* SwiftParsecTests.xctest */,
			);
			name = Products;
			sourceTree = "<group>";
		};
		E2DF30F91C6237E600F5227B /* Parser */ = {
			isa = PBXGroup;
			children = (
				E23493111C6CD59F00B40020 /* Parser.swift */,
				E26CC92A1C6B7CF40042B5FF /* AST */,
				E2DF31081C62869600F5227B /* ParseTree */,
				E2DF30FC1C6237EB00F5227B /* QLParser */,
				E234930A1C6CB70F00B40020 /* SemanticAnalyzer */,
			);
			name = Parser;
			sourceTree = "<group>";
		};
		E2DF30FC1C6237EB00F5227B /* QLParser */ = {
			isa = PBXGroup;
			children = (
				E2DF30FD1C62380600F5227B /* QLParser.swift */,
				E2DF31061C62771D00F5227B /* QLLanguageDefinition.swift */,
			);
			name = QLParser;
			sourceTree = "<group>";
		};
		E2DF31011C62448900F5227B /* Extensions */ = {
			isa = PBXGroup;
			children = (
				E2A5AAB01C6CDF350009E869 /* StringExtension.swift */,
				E2D5188E1C6D6F19008030C4 /* UIView.swift */,
			);
			name = Extensions;
			sourceTree = "<group>";
		};
		E2DF31081C62869600F5227B /* ParseTree */ = {
			isa = PBXGroup;
			children = (
				E26CC91A1C6B7CE80042B5FF /* QLExpression.swift */,
				E26CC91B1C6B7CE80042B5FF /* QLForm.swift */,
				E26CC91C1C6B7CE80042B5FF /* QLInfix.swift */,
				E26CC91D1C6B7CE80042B5FF /* QLLiteral.swift */,
				E26CC91E1C6B7CE80042B5FF /* QLPrefix.swift */,
				E26CC91F1C6B7CE80042B5FF /* QLQuestion.swift */,
				E26CC9201C6B7CE80042B5FF /* QLStatement.swift */,
				E26CC9211C6B7CE80042B5FF /* QLVariable.swift */,
			);
			name = ParseTree;
			sourceTree = "<group>";
		};
/* End PBXGroup section */

/* Begin PBXNativeTarget section */
		E2CE05D51C62191F00F2B43B /* QLSwift */ = {
			isa = PBXNativeTarget;
			buildConfigurationList = E2CE05F31C62191F00F2B43B /* Build configuration list for PBXNativeTarget "QLSwift" */;
			buildPhases = (
				9CA4650924F24ACF2B8C9ACE /* Check Pods Manifest.lock */,
				E2CE05D21C62191F00F2B43B /* Sources */,
				E2CE05D31C62191F00F2B43B /* Frameworks */,
				E2CE05D41C62191F00F2B43B /* Resources */,
				B07A052DA8AFFCC2903B6A4C /* Embed Pods Frameworks */,
				E3A29C4A9E774C21A2BDAEF5 /* Copy Pods Resources */,
			);
			buildRules = (
			);
			dependencies = (
			);
			name = QLSwift;
			productName = QLSwift;
			productReference = E2CE05D61C62191F00F2B43B /* QLSwift.app */;
			productType = "com.apple.product-type.application";
		};
		E2CE05E91C62191F00F2B43B /* QLSwiftTests */ = {
			isa = PBXNativeTarget;
			buildConfigurationList = E2CE05F61C62191F00F2B43B /* Build configuration list for PBXNativeTarget "QLSwiftTests" */;
			buildPhases = (
				E2CE05E61C62191F00F2B43B /* Sources */,
				E2CE05E71C62191F00F2B43B /* Frameworks */,
				E2CE05E81C62191F00F2B43B /* Resources */,
			);
			buildRules = (
			);
			dependencies = (
				E2CE05EC1C62191F00F2B43B /* PBXTargetDependency */,
			);
			name = QLSwiftTests;
			productName = QLSwiftTests;
			productReference = E2CE05EA1C62191F00F2B43B /* QLSwiftTests.xctest */;
			productType = "com.apple.product-type.bundle.unit-test";
		};
/* End PBXNativeTarget section */

/* Begin PBXProject section */
		E2CE05CE1C62191F00F2B43B /* Project object */ = {
			isa = PBXProject;
			attributes = {
				LastSwiftUpdateCheck = 0720;
				LastUpgradeCheck = 0720;
				TargetAttributes = {
					E2CE05D51C62191F00F2B43B = {
						CreatedOnToolsVersion = 7.2;
					};
					E2CE05E91C62191F00F2B43B = {
						CreatedOnToolsVersion = 7.2;
						TestTargetID = E2CE05D51C62191F00F2B43B;
					};
				};
			};
			buildConfigurationList = E2CE05D11C62191F00F2B43B /* Build configuration list for PBXProject "QLSwift" */;
			compatibilityVersion = "Xcode 3.2";
			developmentRegion = English;
			hasScannedForEncodings = 0;
			knownRegions = (
				en,
				Base,
			);
			mainGroup = E2CE05CD1C62191F00F2B43B;
			productRefGroup = E2CE05D71C62191F00F2B43B /* Products */;
			projectDirPath = "";
			projectReferences = (
				{
					ProductGroup = E2DF30EE1C62315D00F5227B /* Products */;
					ProjectRef = E2DF30ED1C62315D00F5227B /* SwiftParsec.xcodeproj */;
				},
			);
			projectRoot = "";
			targets = (
				E2CE05D51C62191F00F2B43B /* QLSwift */,
				E2CE05E91C62191F00F2B43B /* QLSwiftTests */,
			);
		};
/* End PBXProject section */

/* Begin PBXReferenceProxy section */
		E2DF30F31C62315D00F5227B /* SwiftParsec.framework */ = {
			isa = PBXReferenceProxy;
			fileType = wrapper.framework;
			path = SwiftParsec.framework;
			remoteRef = E2DF30F21C62315D00F5227B /* PBXContainerItemProxy */;
			sourceTree = BUILT_PRODUCTS_DIR;
		};
		E2DF30F51C62315D00F5227B /* SwiftParsecTests.xctest */ = {
			isa = PBXReferenceProxy;
			fileType = wrapper.cfbundle;
			path = SwiftParsecTests.xctest;
			remoteRef = E2DF30F41C62315D00F5227B /* PBXContainerItemProxy */;
			sourceTree = BUILT_PRODUCTS_DIR;
		};
/* End PBXReferenceProxy section */

/* Begin PBXResourcesBuildPhase section */
		E2CE05D41C62191F00F2B43B /* Resources */ = {
			isa = PBXResourcesBuildPhase;
			buildActionMask = 2147483647;
			files = (
				E2CE060A1C621A6400F2B43B /* LaunchScreen.xib in Resources */,
				E2DF31001C6240F800F5227B /* form.ql in Resources */,
				E29A237E1C6D6C6500281E49 /* Podfile in Resources */,
				E2CE060D1C621C4800F2B43B /* RootView.xib in Resources */,
				E21DC3FC1C6D6AAE005564FE /* QuestionTextView.xib in Resources */,
				E21DC3EF1C6CE095005564FE /* ChooseFormView.xib in Resources */,
				E21DC3F91C6CE6E8005564FE /* FormView.xib in Resources */,
				E2CE06001C621A1600F2B43B /* Assets.xcassets in Resources */,
			);
			runOnlyForDeploymentPostprocessing = 0;
		};
		E2CE05E81C62191F00F2B43B /* Resources */ = {
			isa = PBXResourcesBuildPhase;
			buildActionMask = 2147483647;
			files = (
				E2F0A2F61C74CBC900D0C1AB /* CyclicDependency.ql in Resources */,
				E2D518C51C701177008030C4 /* Prefix.ql in Resources */,
				E2D518C31C701177008030C4 /* Infix.ql in Resources */,
				E21F690C1C73D19C00EB9E09 /* TypedInvalidForms.ql in Resources */,
				E29D0BEC1C727B3000AB3BCF /* ParseMultiple.ql in Resources */,
				E2D518C41C701177008030C4 /* Literals.ql in Resources */,
				E2270DBC1C73C2CC00E5FC2A /* SimpleForms.ql in Resources */,
				E21F690A1C73CF1300EB9E09 /* TypedValidForm.ql in Resources */,
				E2D518C21C701177008030C4 /* IfStatement.ql in Resources */,
				E29D0BE71C72766800AB3BCF /* FailQuestion.ql in Resources */,
			);
			runOnlyForDeploymentPostprocessing = 0;
		};
/* End PBXResourcesBuildPhase section */

/* Begin PBXShellScriptBuildPhase section */
		9CA4650924F24ACF2B8C9ACE /* Check Pods Manifest.lock */ = {
			isa = PBXShellScriptBuildPhase;
			buildActionMask = 2147483647;
			files = (
			);
			inputPaths = (
			);
			name = "Check Pods Manifest.lock";
			outputPaths = (
			);
			runOnlyForDeploymentPostprocessing = 0;
			shellPath = /bin/sh;
			shellScript = "diff \"${PODS_ROOT}/../Podfile.lock\" \"${PODS_ROOT}/Manifest.lock\" > /dev/null\nif [[ $? != 0 ]] ; then\n    cat << EOM\nerror: The sandbox is not in sync with the Podfile.lock. Run 'pod install' or update your CocoaPods installation.\nEOM\n    exit 1\nfi\n";
			showEnvVarsInLog = 0;
		};
		B07A052DA8AFFCC2903B6A4C /* Embed Pods Frameworks */ = {
			isa = PBXShellScriptBuildPhase;
			buildActionMask = 2147483647;
			files = (
			);
			inputPaths = (
			);
			name = "Embed Pods Frameworks";
			outputPaths = (
			);
			runOnlyForDeploymentPostprocessing = 0;
			shellPath = /bin/sh;
			shellScript = "\"${SRCROOT}/Pods/Target Support Files/Pods-QLSwift/Pods-QLSwift-frameworks.sh\"\n";
			showEnvVarsInLog = 0;
		};
		E3A29C4A9E774C21A2BDAEF5 /* Copy Pods Resources */ = {
			isa = PBXShellScriptBuildPhase;
			buildActionMask = 2147483647;
			files = (
			);
			inputPaths = (
			);
			name = "Copy Pods Resources";
			outputPaths = (
			);
			runOnlyForDeploymentPostprocessing = 0;
			shellPath = /bin/sh;
			shellScript = "\"${SRCROOT}/Pods/Target Support Files/Pods-QLSwift/Pods-QLSwift-resources.sh\"\n";
			showEnvVarsInLog = 0;
		};
/* End PBXShellScriptBuildPhase section */

/* Begin PBXSourcesBuildPhase section */
		E2CE05D21C62191F00F2B43B /* Sources */ = {
			isa = PBXSourcesBuildPhase;
			buildActionMask = 2147483647;
			files = (
				E26CC9251C6B7CE80042B5FF /* QLLiteral.swift in Sources */,
				E26CC9231C6B7CE80042B5FF /* QLForm.swift in Sources */,
				E26CC9341C6B8B030042B5FF /* Statement.swift in Sources */,
				E26CC9261C6B7CE80042B5FF /* QLPrefix.swift in Sources */,
				E26CC93A1C6B8C8C0042B5FF /* Expression.swift in Sources */,
				E21DC3F31C6CE127005564FE /* BaseViewController.swift in Sources */,
				E2DF31051C62481A00F5227B /* Constants.swift in Sources */,
				E2D5188F1C6D6F19008030C4 /* UIView.swift in Sources */,
				E26CC9241C6B7CE80042B5FF /* QLInfix.swift in Sources */,
				E2A5AAB11C6CDF350009E869 /* StringExtension.swift in Sources */,
				E23493091C6CB42900B40020 /* FormNodeVisitor.swift in Sources */,
				E2F0A2FA1C75CE5900D0C1AB /* Type.swift in Sources */,
				E26CC9281C6B7CE80042B5FF /* QLStatement.swift in Sources */,
				E26CC9221C6B7CE80042B5FF /* QLExpression.swift in Sources */,
				E2DF31071C62771D00F5227B /* QLLanguageDefinition.swift in Sources */,
				E26CC92E1C6B8A260042B5FF /* Form.swift in Sources */,
				E2A5AAAF1C6CDF010009E869 /* RootViewController.swift in Sources */,
				E26CC9271C6B7CE80042B5FF /* QLQuestion.swift in Sources */,
				E23493101C6CD55000B40020 /* Context.swift in Sources */,
				E234930E1C6CCE6700B40020 /* SemanticError.swift in Sources */,
				E234930C1C6CB73000B40020 /* SemanticAnalyzer.swift in Sources */,
				E2CE06031C621A1D00F2B43B /* AppDelegate.swift in Sources */,
				E2DF30FE1C62380600F5227B /* QLParser.swift in Sources */,
				E2A5AAAE1C6CDF010009E869 /* ChooseFormViewController.swift in Sources */,
				E26CC9291C6B7CE80042B5FF /* QLVariable.swift in Sources */,
				E2D518931C6E15B5008030C4 /* QuestionView.swift in Sources */,
				E21DC3FE1C6D6AE4005564FE /* QuestionTextView.swift in Sources */,
				E21DC3F71C6CE6C3005564FE /* FormViewController.swift in Sources */,
				E23493121C6CD59F00B40020 /* Parser.swift in Sources */,
			);
			runOnlyForDeploymentPostprocessing = 0;
		};
		E2CE05E61C62191F00F2B43B /* Sources */ = {
			isa = PBXSourcesBuildPhase;
			buildActionMask = 2147483647;
			files = (
				E2D518A71C700252008030C4 /* Expression.swift in Sources */,
				E2D518B01C700292008030C4 /* Constants.swift in Sources */,
				E2D518A41C700220008030C4 /* QLQuestion.swift in Sources */,
				E2D518A31C700220008030C4 /* QLPrefix.swift in Sources */,
				E2D518A61C700220008030C4 /* QLVariable.swift in Sources */,
				E2CE05EF1C62191F00F2B43B /* QLSwiftTests.swift in Sources */,
				E2D518AD1C70025E008030C4 /* Context.swift in Sources */,
				E2D518A91C700252008030C4 /* FormNodeVisitor.swift in Sources */,
				E2D518AB1C70025E008030C4 /* SemanticAnalyzer.swift in Sources */,
				E2D518AF1C700287008030C4 /* StringExtension.swift in Sources */,
				E2270DB51C73C1B400E5FC2A /* SemanticAnalyzerTests.swift in Sources */,
				E2D518A81C700252008030C4 /* Form.swift in Sources */,
				E2D518BD1C70115C008030C4 /* QLParserTests.swift in Sources */,
				E2D5189D1C700215008030C4 /* QLParser.swift in Sources */,
				E2D518A11C700220008030C4 /* QLInfix.swift in Sources */,
				E2F149A81C75DF88009BB7BC /* Type.swift in Sources */,
				E2D518A01C700220008030C4 /* QLForm.swift in Sources */,
				E2270DB91C73C22800E5FC2A /* FormTests.swift in Sources */,
				E2D518AE1C700270008030C4 /* Parser.swift in Sources */,
				E2D518A21C700220008030C4 /* QLLiteral.swift in Sources */,
				E2D518AC1C70025E008030C4 /* SemanticError.swift in Sources */,
				E2D5189F1C700220008030C4 /* QLExpression.swift in Sources */,
				E2D518A51C700220008030C4 /* QLStatement.swift in Sources */,
				E2D518AA1C700252008030C4 /* Statement.swift in Sources */,
				E21F69111C747CBE00EB9E09 /* Utils.swift in Sources */,
			);
			runOnlyForDeploymentPostprocessing = 0;
		};
/* End PBXSourcesBuildPhase section */

/* Begin PBXTargetDependency section */
		E2CE05EC1C62191F00F2B43B /* PBXTargetDependency */ = {
			isa = PBXTargetDependency;
			target = E2CE05D51C62191F00F2B43B /* QLSwift */;
			targetProxy = E2CE05EB1C62191F00F2B43B /* PBXContainerItemProxy */;
		};
/* End PBXTargetDependency section */

/* Begin XCBuildConfiguration section */
		E2CE05F11C62191F00F2B43B /* Debug */ = {
			isa = XCBuildConfiguration;
			buildSettings = {
				ALWAYS_SEARCH_USER_PATHS = NO;
				CLANG_CXX_LANGUAGE_STANDARD = "gnu++0x";
				CLANG_CXX_LIBRARY = "libc++";
				CLANG_ENABLE_MODULES = YES;
				CLANG_ENABLE_OBJC_ARC = YES;
				CLANG_WARN_BOOL_CONVERSION = YES;
				CLANG_WARN_CONSTANT_CONVERSION = YES;
				CLANG_WARN_DIRECT_OBJC_ISA_USAGE = YES_ERROR;
				CLANG_WARN_EMPTY_BODY = YES;
				CLANG_WARN_ENUM_CONVERSION = YES;
				CLANG_WARN_INT_CONVERSION = YES;
				CLANG_WARN_OBJC_ROOT_CLASS = YES_ERROR;
				CLANG_WARN_UNREACHABLE_CODE = YES;
				CLANG_WARN__DUPLICATE_METHOD_MATCH = YES;
				"CODE_SIGN_IDENTITY[sdk=iphoneos*]" = "iPhone Developer";
				COPY_PHASE_STRIP = NO;
				DEBUG_INFORMATION_FORMAT = dwarf;
				ENABLE_STRICT_OBJC_MSGSEND = YES;
				ENABLE_TESTABILITY = YES;
				GCC_C_LANGUAGE_STANDARD = gnu99;
				GCC_DYNAMIC_NO_PIC = NO;
				GCC_NO_COMMON_BLOCKS = YES;
				GCC_OPTIMIZATION_LEVEL = 0;
				GCC_PREPROCESSOR_DEFINITIONS = (
					"DEBUG=1",
					"$(inherited)",
				);
				GCC_WARN_64_TO_32_BIT_CONVERSION = YES;
				GCC_WARN_ABOUT_RETURN_TYPE = YES_ERROR;
				GCC_WARN_UNDECLARED_SELECTOR = YES;
				GCC_WARN_UNINITIALIZED_AUTOS = YES_AGGRESSIVE;
				GCC_WARN_UNUSED_FUNCTION = YES;
				GCC_WARN_UNUSED_VARIABLE = YES;
				IPHONEOS_DEPLOYMENT_TARGET = 9.2;
				MTL_ENABLE_DEBUG_INFO = YES;
				ONLY_ACTIVE_ARCH = YES;
				SDKROOT = iphoneos;
				SWIFT_OPTIMIZATION_LEVEL = "-Onone";
				TARGETED_DEVICE_FAMILY = "1,2";
			};
			name = Debug;
		};
		E2CE05F21C62191F00F2B43B /* Release */ = {
			isa = XCBuildConfiguration;
			buildSettings = {
				ALWAYS_SEARCH_USER_PATHS = NO;
				CLANG_CXX_LANGUAGE_STANDARD = "gnu++0x";
				CLANG_CXX_LIBRARY = "libc++";
				CLANG_ENABLE_MODULES = YES;
				CLANG_ENABLE_OBJC_ARC = YES;
				CLANG_WARN_BOOL_CONVERSION = YES;
				CLANG_WARN_CONSTANT_CONVERSION = YES;
				CLANG_WARN_DIRECT_OBJC_ISA_USAGE = YES_ERROR;
				CLANG_WARN_EMPTY_BODY = YES;
				CLANG_WARN_ENUM_CONVERSION = YES;
				CLANG_WARN_INT_CONVERSION = YES;
				CLANG_WARN_OBJC_ROOT_CLASS = YES_ERROR;
				CLANG_WARN_UNREACHABLE_CODE = YES;
				CLANG_WARN__DUPLICATE_METHOD_MATCH = YES;
				"CODE_SIGN_IDENTITY[sdk=iphoneos*]" = "iPhone Developer";
				COPY_PHASE_STRIP = NO;
				DEBUG_INFORMATION_FORMAT = "dwarf-with-dsym";
				ENABLE_NS_ASSERTIONS = NO;
				ENABLE_STRICT_OBJC_MSGSEND = YES;
				GCC_C_LANGUAGE_STANDARD = gnu99;
				GCC_NO_COMMON_BLOCKS = YES;
				GCC_WARN_64_TO_32_BIT_CONVERSION = YES;
				GCC_WARN_ABOUT_RETURN_TYPE = YES_ERROR;
				GCC_WARN_UNDECLARED_SELECTOR = YES;
				GCC_WARN_UNINITIALIZED_AUTOS = YES_AGGRESSIVE;
				GCC_WARN_UNUSED_FUNCTION = YES;
				GCC_WARN_UNUSED_VARIABLE = YES;
				IPHONEOS_DEPLOYMENT_TARGET = 9.2;
				MTL_ENABLE_DEBUG_INFO = NO;
				SDKROOT = iphoneos;
				TARGETED_DEVICE_FAMILY = "1,2";
				VALIDATE_PRODUCT = YES;
			};
			name = Release;
		};
		E2CE05F41C62191F00F2B43B /* Debug */ = {
			isa = XCBuildConfiguration;
			baseConfigurationReference = 47AD227412EA3A792D5B5DE7 /* Pods-QLSwift.debug.xcconfig */;
			buildSettings = {
				ASSETCATALOG_COMPILER_APPICON_NAME = AppIcon;
				ASSETCATALOG_COMPILER_LAUNCHIMAGE_NAME = "Brand Assets";
				FRAMEWORK_SEARCH_PATHS = (
					"$(inherited)",
					"$(PROJECT_DIR)/QLSwift/Resources/Libraries",
				);
				INFOPLIST_FILE = "$(SRCROOT)/QLSwift/Supporting Files/Info.plist";
				LD_RUNPATH_SEARCH_PATHS = "$(inherited) @executable_path/Frameworks";
				PRODUCT_BUNDLE_IDENTIFIER = nl.tomvanduist.QLSwift;
				PRODUCT_NAME = "$(TARGET_NAME)";
			};
			name = Debug;
		};
		E2CE05F51C62191F00F2B43B /* Release */ = {
			isa = XCBuildConfiguration;
			baseConfigurationReference = 1D015104EEC687B30D114585 /* Pods-QLSwift.release.xcconfig */;
			buildSettings = {
				ASSETCATALOG_COMPILER_APPICON_NAME = AppIcon;
				ASSETCATALOG_COMPILER_LAUNCHIMAGE_NAME = "Brand Assets";
				FRAMEWORK_SEARCH_PATHS = (
					"$(inherited)",
					"$(PROJECT_DIR)/QLSwift/Resources/Libraries",
				);
				INFOPLIST_FILE = "$(SRCROOT)/QLSwift/Supporting Files/Info.plist";
				LD_RUNPATH_SEARCH_PATHS = "$(inherited) @executable_path/Frameworks";
				PRODUCT_BUNDLE_IDENTIFIER = nl.tomvanduist.QLSwift;
				PRODUCT_NAME = "$(TARGET_NAME)";
			};
			name = Release;
		};
		E2CE05F71C62191F00F2B43B /* Debug */ = {
			isa = XCBuildConfiguration;
			buildSettings = {
				BUNDLE_LOADER = "$(TEST_HOST)";
				INFOPLIST_FILE = QLSwiftTests/Info.plist;
				LD_RUNPATH_SEARCH_PATHS = "$(inherited) @executable_path/Frameworks @loader_path/Frameworks";
				PRODUCT_BUNDLE_IDENTIFIER = nl.tomvanduist.QLSwiftTests;
				PRODUCT_NAME = "$(TARGET_NAME)";
				TEST_HOST = "$(BUILT_PRODUCTS_DIR)/QLSwift.app/QLSwift";
			};
			name = Debug;
		};
		E2CE05F81C62191F00F2B43B /* Release */ = {
			isa = XCBuildConfiguration;
			buildSettings = {
				BUNDLE_LOADER = "$(TEST_HOST)";
				INFOPLIST_FILE = QLSwiftTests/Info.plist;
				LD_RUNPATH_SEARCH_PATHS = "$(inherited) @executable_path/Frameworks @loader_path/Frameworks";
				PRODUCT_BUNDLE_IDENTIFIER = nl.tomvanduist.QLSwiftTests;
				PRODUCT_NAME = "$(TARGET_NAME)";
				TEST_HOST = "$(BUILT_PRODUCTS_DIR)/QLSwift.app/QLSwift";
			};
			name = Release;
		};
/* End XCBuildConfiguration section */

/* Begin XCConfigurationList section */
		E2CE05D11C62191F00F2B43B /* Build configuration list for PBXProject "QLSwift" */ = {
			isa = XCConfigurationList;
			buildConfigurations = (
				E2CE05F11C62191F00F2B43B /* Debug */,
				E2CE05F21C62191F00F2B43B /* Release */,
			);
			defaultConfigurationIsVisible = 0;
			defaultConfigurationName = Release;
		};
		E2CE05F31C62191F00F2B43B /* Build configuration list for PBXNativeTarget "QLSwift" */ = {
			isa = XCConfigurationList;
			buildConfigurations = (
				E2CE05F41C62191F00F2B43B /* Debug */,
				E2CE05F51C62191F00F2B43B /* Release */,
			);
			defaultConfigurationIsVisible = 0;
			defaultConfigurationName = Release;
		};
		E2CE05F61C62191F00F2B43B /* Build configuration list for PBXNativeTarget "QLSwiftTests" */ = {
			isa = XCConfigurationList;
			buildConfigurations = (
				E2CE05F71C62191F00F2B43B /* Debug */,
				E2CE05F81C62191F00F2B43B /* Release */,
			);
			defaultConfigurationIsVisible = 0;
			defaultConfigurationName = Release;
		};
/* End XCConfigurationList section */
	};
	rootObject = E2CE05CE1C62191F00F2B43B /* Project object */;
}
