hash: 2224a718ebbd112ad5f8eccf7672e9701e9409feec58c181e9280a4ecdee56c9
updated: 2016-03-13T18:46:15.340145877+01:00
imports:
- name: github.com/andlabs/ui
  version: 8dc672361ebc481cbe9418f7dd4d307095ee9f98
- name: github.com/goccmack/gocc
  version: a150a4adbf3b19fe88efc310766ed3d643201560
- name: github.com/Sirupsen/logrus
  version: a26f43589d737684363ff856c5a0f9f24b946510
- name: golang.org/x/sys
  version: 7a56174f0086b32866ebd746a794417edbc678a1
  subpackages:
  - unix
devImports: []
