// !$*UTF8*$!
{
	archiveVersion = 1;
	classes = {
	};
	objectVersion = 46;
	objects = {

/* Begin PBXBuildFile section */
		B9279EB51CB28C1C0064B1B2 /* AppDelegate.swift in Sources */ = {isa = PBXBuildFile; fileRef = B9279EB41CB28C1C0064B1B2 /* AppDelegate.swift */; };
		B9279EB71CB28C1C0064B1B2 /* ViewController.swift in Sources */ = {isa = PBXBuildFile; fileRef = B9279EB61CB28C1C0064B1B2 /* ViewController.swift */; };
		B9279EB91CB28C1C0064B1B2 /* Assets.xcassets in Resources */ = {isa = PBXBuildFile; fileRef = B9279EB81CB28C1C0064B1B2 /* Assets.xcassets */; };
		B9279EBC1CB28C1C0064B1B2 /* Main.storyboard in Resources */ = {isa = PBXBuildFile; fileRef = B9279EBA1CB28C1C0064B1B2 /* Main.storyboard */; };
		B9279EC71CB28C1C0064B1B2 /* QLSwiftTests.swift in Sources */ = {isa = PBXBuildFile; fileRef = B9279EC61CB28C1C0064B1B2 /* QLSwiftTests.swift */; };
		B9279ED21CB28C1C0064B1B2 /* QLSwiftUITests.swift in Sources */ = {isa = PBXBuildFile; fileRef = B9279ED11CB28C1C0064B1B2 /* QLSwiftUITests.swift */; };
		B932F2C01CB28DA2000E802B /* QLLanguageDefinition.swift in Sources */ = {isa = PBXBuildFile; fileRef = B932F2BA1CB28DA2000E802B /* QLLanguageDefinition.swift */; };
		B932F2C21CB28DA2000E802B /* QLParser.swift in Sources */ = {isa = PBXBuildFile; fileRef = B932F2BC1CB28DA2000E802B /* QLParser.swift */; };
		B932F2C31CB28DA2000E802B /* SymbolTable.swift in Sources */ = {isa = PBXBuildFile; fileRef = B932F2BD1CB28DA2000E802B /* SymbolTable.swift */; };
		B932F2C41CB28DA2000E802B /* QLTypeChecker.swift in Sources */ = {isa = PBXBuildFile; fileRef = B932F2BE1CB28DA2000E802B /* QLTypeChecker.swift */; };
		B932F2C51CB28DA2000E802B /* QLTypeVisitorProtocols.swift in Sources */ = {isa = PBXBuildFile; fileRef = B932F2BF1CB28DA2000E802B /* QLTypeVisitorProtocols.swift */; };
		B932F2CA1CB28DBB000E802B /* basic.ql in Resources */ = {isa = PBXBuildFile; fileRef = B932F2C71CB28DBB000E802B /* basic.ql */; };
		B932F2CB1CB28DBB000E802B /* expression.ql in Resources */ = {isa = PBXBuildFile; fileRef = B932F2C81CB28DBB000E802B /* expression.ql */; };
		B932F2CC1CB28DBB000E802B /* questionsAndIfStatement.ql in Resources */ = {isa = PBXBuildFile; fileRef = B932F2C91CB28DBB000E802B /* questionsAndIfStatement.ql */; };
		B932F2D61CB28E6A000E802B /* SwiftParsec.framework in Frameworks */ = {isa = PBXBuildFile; fileRef = B932F2D31CB28E5D000E802B /* SwiftParsec.framework */; };
		B932F2D81CB28EEB000E802B /* AppLogger.swift in Sources */ = {isa = PBXBuildFile; fileRef = B932F2D71CB28EEB000E802B /* AppLogger.swift */; };
		B932F2DC1CB29340000E802B /* Form.swift in Sources */ = {isa = PBXBuildFile; fileRef = B932F2DB1CB29340000E802B /* Form.swift */; };
		B9A376691CB43C1E00B6E17F /* QuestionStringCell.xib in Resources */ = {isa = PBXBuildFile; fileRef = B9A376681CB43C1E00B6E17F /* QuestionStringCell.xib */; };
		B9A3766B1CB43C9900B6E17F /* QuestionStringCell.swift in Sources */ = {isa = PBXBuildFile; fileRef = B9A3766A1CB43C9900B6E17F /* QuestionStringCell.swift */; };
		B9A3766D1CB43FCA00B6E17F /* QuestionBoolCell.xib in Resources */ = {isa = PBXBuildFile; fileRef = B9A3766C1CB43FCA00B6E17F /* QuestionBoolCell.xib */; };
		B9A3766F1CB4404900B6E17F /* QuestionBoolCell.swift in Sources */ = {isa = PBXBuildFile; fileRef = B9A3766E1CB4404900B6E17F /* QuestionBoolCell.swift */; };
		B9A376711CB441E800B6E17F /* QuestionIntCell.xib in Resources */ = {isa = PBXBuildFile; fileRef = B9A376701CB441E800B6E17F /* QuestionIntCell.xib */; };
		B9A376731CB4420500B6E17F /* QuestionIntCell.swift in Sources */ = {isa = PBXBuildFile; fileRef = B9A376721CB4420500B6E17F /* QuestionIntCell.swift */; };
		B9A3767A1CB4624200B6E17F /* Stream.swift in Sources */ = {isa = PBXBuildFile; fileRef = B9A376791CB4624200B6E17F /* Stream.swift */; };
		B9EE8F401CB685D50022A154 /* QLExpressionEvaluator.swift in Sources */ = {isa = PBXBuildFile; fileRef = B9EE8F3F1CB685D50022A154 /* QLExpressionEvaluator.swift */; };
		B9EE8F441CB6AB780022A154 /* QLExpressionVisitorProtocols.swift in Sources */ = {isa = PBXBuildFile; fileRef = B9EE8F431CB6AB780022A154 /* QLExpressionVisitorProtocols.swift */; };
		B9EE8F461CB6F7C40022A154 /* QLFormBuilderProtocols.swift in Sources */ = {isa = PBXBuildFile; fileRef = B9EE8F451CB6F7C40022A154 /* QLFormBuilderProtocols.swift */; };
		B9EE8F481CB6F7D40022A154 /* QLFormBuilder.swift in Sources */ = {isa = PBXBuildFile; fileRef = B9EE8F471CB6F7D40022A154 /* QLFormBuilder.swift */; };
		B9FBC4BD1CB7C5F000C1AC93 /* QLStatements.swift in Sources */ = {isa = PBXBuildFile; fileRef = B9FBC4BC1CB7C5F000C1AC93 /* QLStatements.swift */; };
		B9FBC4BF1CB7C60200C1AC93 /* QLExpressions.swift in Sources */ = {isa = PBXBuildFile; fileRef = B9FBC4BE1CB7C60200C1AC93 /* QLExpressions.swift */; };
		B9FBC4C11CB7C61300C1AC93 /* QLLiterals.swift in Sources */ = {isa = PBXBuildFile; fileRef = B9FBC4C01CB7C61300C1AC93 /* QLLiterals.swift */; };
		B9FBC4C31CB7C68400C1AC93 /* QLTypes.swift in Sources */ = {isa = PBXBuildFile; fileRef = B9FBC4C21CB7C68400C1AC93 /* QLTypes.swift */; };
/* End PBXBuildFile section */

/* Begin PBXContainerItemProxy section */
		B9279EC31CB28C1C0064B1B2 /* PBXContainerItemProxy */ = {
			isa = PBXContainerItemProxy;
			containerPortal = B9279EA91CB28C1C0064B1B2 /* Project object */;
			proxyType = 1;
			remoteGlobalIDString = B9279EB01CB28C1C0064B1B2;
			remoteInfo = QLSwift;
		};
		B9279ECE1CB28C1C0064B1B2 /* PBXContainerItemProxy */ = {
			isa = PBXContainerItemProxy;
			containerPortal = B9279EA91CB28C1C0064B1B2 /* Project object */;
			proxyType = 1;
			remoteGlobalIDString = B9279EB01CB28C1C0064B1B2;
			remoteInfo = QLSwift;
		};
		B932F2D21CB28E5D000E802B /* PBXContainerItemProxy */ = {
			isa = PBXContainerItemProxy;
			containerPortal = B932F2CD1CB28E5D000E802B /* SwiftParsec.xcodeproj */;
			proxyType = 2;
			remoteGlobalIDString = 57167F021B99E66800F35A29;
			remoteInfo = SwiftParsec;
		};
		B932F2D41CB28E5D000E802B /* PBXContainerItemProxy */ = {
			isa = PBXContainerItemProxy;
			containerPortal = B932F2CD1CB28E5D000E802B /* SwiftParsec.xcodeproj */;
			proxyType = 2;
			remoteGlobalIDString = 57167F0C1B99E66800F35A29;
			remoteInfo = SwiftParsecTests;
		};
/* End PBXContainerItemProxy section */

/* Begin PBXFileReference section */
		B9279EB11CB28C1C0064B1B2 /* QLSwift.app */ = {isa = PBXFileReference; explicitFileType = wrapper.application; includeInIndex = 0; path = QLSwift.app; sourceTree = BUILT_PRODUCTS_DIR; };
		B9279EB41CB28C1C0064B1B2 /* AppDelegate.swift */ = {isa = PBXFileReference; lastKnownFileType = sourcecode.swift; path = AppDelegate.swift; sourceTree = "<group>"; };
		B9279EB61CB28C1C0064B1B2 /* ViewController.swift */ = {isa = PBXFileReference; lastKnownFileType = sourcecode.swift; path = ViewController.swift; sourceTree = "<group>"; };
		B9279EB81CB28C1C0064B1B2 /* Assets.xcassets */ = {isa = PBXFileReference; lastKnownFileType = folder.assetcatalog; path = Assets.xcassets; sourceTree = "<group>"; };
		B9279EBB1CB28C1C0064B1B2 /* Base */ = {isa = PBXFileReference; lastKnownFileType = file.storyboard; name = Base; path = Base.lproj/Main.storyboard; sourceTree = "<group>"; };
		B9279EBD1CB28C1C0064B1B2 /* Info.plist */ = {isa = PBXFileReference; lastKnownFileType = text.plist.xml; path = Info.plist; sourceTree = "<group>"; };
		B9279EC21CB28C1C0064B1B2 /* QLSwiftTests.xctest */ = {isa = PBXFileReference; explicitFileType = wrapper.cfbundle; includeInIndex = 0; path = QLSwiftTests.xctest; sourceTree = BUILT_PRODUCTS_DIR; };
		B9279EC61CB28C1C0064B1B2 /* QLSwiftTests.swift */ = {isa = PBXFileReference; lastKnownFileType = sourcecode.swift; path = QLSwiftTests.swift; sourceTree = "<group>"; };
		B9279EC81CB28C1C0064B1B2 /* Info.plist */ = {isa = PBXFileReference; lastKnownFileType = text.plist.xml; path = Info.plist; sourceTree = "<group>"; };
		B9279ECD1CB28C1C0064B1B2 /* QLSwiftUITests.xctest */ = {isa = PBXFileReference; explicitFileType = wrapper.cfbundle; includeInIndex = 0; path = QLSwiftUITests.xctest; sourceTree = BUILT_PRODUCTS_DIR; };
		B9279ED11CB28C1C0064B1B2 /* QLSwiftUITests.swift */ = {isa = PBXFileReference; lastKnownFileType = sourcecode.swift; path = QLSwiftUITests.swift; sourceTree = "<group>"; };
		B9279ED31CB28C1C0064B1B2 /* Info.plist */ = {isa = PBXFileReference; lastKnownFileType = text.plist.xml; path = Info.plist; sourceTree = "<group>"; };
		B932F2BA1CB28DA2000E802B /* QLLanguageDefinition.swift */ = {isa = PBXFileReference; fileEncoding = 4; lastKnownFileType = sourcecode.swift; name = QLLanguageDefinition.swift; path = QL/QLLanguageDefinition.swift; sourceTree = "<group>"; };
		B932F2BC1CB28DA2000E802B /* QLParser.swift */ = {isa = PBXFileReference; fileEncoding = 4; lastKnownFileType = sourcecode.swift; name = QLParser.swift; path = QL/QLParser.swift; sourceTree = "<group>"; };
		B932F2BD1CB28DA2000E802B /* SymbolTable.swift */ = {isa = PBXFileReference; fileEncoding = 4; lastKnownFileType = sourcecode.swift; name = SymbolTable.swift; path = QL/SymbolTable.swift; sourceTree = "<group>"; };
		B932F2BE1CB28DA2000E802B /* QLTypeChecker.swift */ = {isa = PBXFileReference; fileEncoding = 4; lastKnownFileType = sourcecode.swift; name = QLTypeChecker.swift; path = QL/QLTypeChecker.swift; sourceTree = "<group>"; };
		B932F2BF1CB28DA2000E802B /* QLTypeVisitorProtocols.swift */ = {isa = PBXFileReference; fileEncoding = 4; lastKnownFileType = sourcecode.swift; name = QLTypeVisitorProtocols.swift; path = QL/QLTypeVisitorProtocols.swift; sourceTree = "<group>"; };
		B932F2C71CB28DBB000E802B /* basic.ql */ = {isa = PBXFileReference; fileEncoding = 4; lastKnownFileType = text; name = basic.ql; path = Streams/basic.ql; sourceTree = "<group>"; };
		B932F2C81CB28DBB000E802B /* expression.ql */ = {isa = PBXFileReference; fileEncoding = 4; lastKnownFileType = text; name = expression.ql; path = Streams/expression.ql; sourceTree = "<group>"; };
		B932F2C91CB28DBB000E802B /* questionsAndIfStatement.ql */ = {isa = PBXFileReference; fileEncoding = 4; lastKnownFileType = text; name = questionsAndIfStatement.ql; path = Streams/questionsAndIfStatement.ql; sourceTree = "<group>"; };
		B932F2CD1CB28E5D000E802B /* SwiftParsec.xcodeproj */ = {isa = PBXFileReference; lastKnownFileType = "wrapper.pb-project"; name = SwiftParsec.xcodeproj; path = "QLSwift/External/SwiftParsec-master/SwiftParsec.xcodeproj"; sourceTree = "<group>"; };
		B932F2D71CB28EEB000E802B /* AppLogger.swift */ = {isa = PBXFileReference; fileEncoding = 4; lastKnownFileType = sourcecode.swift; path = AppLogger.swift; sourceTree = "<group>"; };
		B932F2DB1CB29340000E802B /* Form.swift */ = {isa = PBXFileReference; fileEncoding = 4; lastKnownFileType = sourcecode.swift; path = Form.swift; sourceTree = "<group>"; };
		B9A376681CB43C1E00B6E17F /* QuestionStringCell.xib */ = {isa = PBXFileReference; fileEncoding = 4; lastKnownFileType = file.xib; name = QuestionStringCell.xib; path = Views/QuestionStringCell.xib; sourceTree = "<group>"; };
		B9A3766A1CB43C9900B6E17F /* QuestionStringCell.swift */ = {isa = PBXFileReference; fileEncoding = 4; lastKnownFileType = sourcecode.swift; name = QuestionStringCell.swift; path = Views/QuestionStringCell.swift; sourceTree = "<group>"; };
		B9A3766C1CB43FCA00B6E17F /* QuestionBoolCell.xib */ = {isa = PBXFileReference; fileEncoding = 4; lastKnownFileType = file.xib; name = QuestionBoolCell.xib; path = Views/QuestionBoolCell.xib; sourceTree = "<group>"; };
		B9A3766E1CB4404900B6E17F /* QuestionBoolCell.swift */ = {isa = PBXFileReference; fileEncoding = 4; lastKnownFileType = sourcecode.swift; name = QuestionBoolCell.swift; path = Views/QuestionBoolCell.swift; sourceTree = "<group>"; };
		B9A376701CB441E800B6E17F /* QuestionIntCell.xib */ = {isa = PBXFileReference; fileEncoding = 4; lastKnownFileType = file.xib; name = QuestionIntCell.xib; path = Views/QuestionIntCell.xib; sourceTree = "<group>"; };
		B9A376721CB4420500B6E17F /* QuestionIntCell.swift */ = {isa = PBXFileReference; fileEncoding = 4; lastKnownFileType = sourcecode.swift; name = QuestionIntCell.swift; path = Views/QuestionIntCell.swift; sourceTree = "<group>"; };
		B9A376791CB4624200B6E17F /* Stream.swift */ = {isa = PBXFileReference; fileEncoding = 4; lastKnownFileType = sourcecode.swift; path = Stream.swift; sourceTree = "<group>"; };
		B9EE8F3F1CB685D50022A154 /* QLExpressionEvaluator.swift */ = {isa = PBXFileReference; fileEncoding = 4; lastKnownFileType = sourcecode.swift; name = QLExpressionEvaluator.swift; path = QL/QLExpressionEvaluator.swift; sourceTree = "<group>"; };
		B9EE8F431CB6AB780022A154 /* QLExpressionVisitorProtocols.swift */ = {isa = PBXFileReference; fileEncoding = 4; lastKnownFileType = sourcecode.swift; name = QLExpressionVisitorProtocols.swift; path = QL/QLExpressionVisitorProtocols.swift; sourceTree = "<group>"; };
		B9EE8F451CB6F7C40022A154 /* QLFormBuilderProtocols.swift */ = {isa = PBXFileReference; fileEncoding = 4; lastKnownFileType = sourcecode.swift; path = QLFormBuilderProtocols.swift; sourceTree = "<group>"; };
		B9EE8F471CB6F7D40022A154 /* QLFormBuilder.swift */ = {isa = PBXFileReference; fileEncoding = 4; lastKnownFileType = sourcecode.swift; path = QLFormBuilder.swift; sourceTree = "<group>"; };
		B9FBC4BC1CB7C5F000C1AC93 /* QLStatements.swift */ = {isa = PBXFileReference; fileEncoding = 4; lastKnownFileType = sourcecode.swift; name = QLStatements.swift; path = QL/QLStatements.swift; sourceTree = "<group>"; };
		B9FBC4BE1CB7C60200C1AC93 /* QLExpressions.swift */ = {isa = PBXFileReference; fileEncoding = 4; lastKnownFileType = sourcecode.swift; name = QLExpressions.swift; path = QL/QLExpressions.swift; sourceTree = "<group>"; };
		B9FBC4C01CB7C61300C1AC93 /* QLLiterals.swift */ = {isa = PBXFileReference; fileEncoding = 4; lastKnownFileType = sourcecode.swift; name = QLLiterals.swift; path = QL/QLLiterals.swift; sourceTree = "<group>"; };
		B9FBC4C21CB7C68400C1AC93 /* QLTypes.swift */ = {isa = PBXFileReference; fileEncoding = 4; lastKnownFileType = sourcecode.swift; name = QLTypes.swift; path = QL/QLTypes.swift; sourceTree = "<group>"; };
/* End PBXFileReference section */

/* Begin PBXFrameworksBuildPhase section */
		B9279EAE1CB28C1C0064B1B2 /* Frameworks */ = {
			isa = PBXFrameworksBuildPhase;
			buildActionMask = 2147483647;
			files = (
				B932F2D61CB28E6A000E802B /* SwiftParsec.framework in Frameworks */,
			);
			runOnlyForDeploymentPostprocessing = 0;
		};
		B9279EBF1CB28C1C0064B1B2 /* Frameworks */ = {
			isa = PBXFrameworksBuildPhase;
			buildActionMask = 2147483647;
			files = (
			);
			runOnlyForDeploymentPostprocessing = 0;
		};
		B9279ECA1CB28C1C0064B1B2 /* Frameworks */ = {
			isa = PBXFrameworksBuildPhase;
			buildActionMask = 2147483647;
			files = (
			);
			runOnlyForDeploymentPostprocessing = 0;
		};
/* End PBXFrameworksBuildPhase section */

/* Begin PBXGroup section */
		B9279EA81CB28C1C0064B1B2 = {
			isa = PBXGroup;
			children = (
				B932F2CD1CB28E5D000E802B /* SwiftParsec.xcodeproj */,
				B9279EB31CB28C1C0064B1B2 /* QLSwift */,
				B9279EC51CB28C1C0064B1B2 /* QLSwiftTests */,
				B9279ED01CB28C1C0064B1B2 /* QLSwiftUITests */,
				B9279EB21CB28C1C0064B1B2 /* Products */,
			);
			sourceTree = "<group>";
		};
		B9279EB21CB28C1C0064B1B2 /* Products */ = {
			isa = PBXGroup;
			children = (
				B9279EB11CB28C1C0064B1B2 /* QLSwift.app */,
				B9279EC21CB28C1C0064B1B2 /* QLSwiftTests.xctest */,
				B9279ECD1CB28C1C0064B1B2 /* QLSwiftUITests.xctest */,
			);
			name = Products;
			sourceTree = "<group>";
		};
		B9279EB31CB28C1C0064B1B2 /* QLSwift */ = {
			isa = PBXGroup;
			children = (
				B9279EE01CB28CA90064B1B2 /* QL */,
				B9A376781CB4622100B6E17F /* Models */,
				B932F2E21CB2EFEA000E802B /* Views */,
				B9279EDF1CB28C9D0064B1B2 /* Controllers */,
				B9279EB41CB28C1C0064B1B2 /* AppDelegate.swift */,
				B932F2D71CB28EEB000E802B /* AppLogger.swift */,
				B9279EB81CB28C1C0064B1B2 /* Assets.xcassets */,
				B9279EBD1CB28C1C0064B1B2 /* Info.plist */,
			);
			path = QLSwift;
			sourceTree = "<group>";
		};
		B9279EC51CB28C1C0064B1B2 /* QLSwiftTests */ = {
			isa = PBXGroup;
			children = (
				B9279EC61CB28C1C0064B1B2 /* QLSwiftTests.swift */,
				B9279EC81CB28C1C0064B1B2 /* Info.plist */,
			);
			path = QLSwiftTests;
			sourceTree = "<group>";
		};
		B9279ED01CB28C1C0064B1B2 /* QLSwiftUITests */ = {
			isa = PBXGroup;
			children = (
				B9279ED11CB28C1C0064B1B2 /* QLSwiftUITests.swift */,
				B9279ED31CB28C1C0064B1B2 /* Info.plist */,
			);
			path = QLSwiftUITests;
			sourceTree = "<group>";
		};
		B9279EDF1CB28C9D0064B1B2 /* Controllers */ = {
			isa = PBXGroup;
			children = (
				B9279EB61CB28C1C0064B1B2 /* ViewController.swift */,
			);
			name = Controllers;
			sourceTree = "<group>";
		};
		B9279EE01CB28CA90064B1B2 /* QL */ = {
			isa = PBXGroup;
			children = (
				B932F2BA1CB28DA2000E802B /* QLLanguageDefinition.swift */,
				B9FBC4BC1CB7C5F000C1AC93 /* QLStatements.swift */,
				B9FBC4BE1CB7C60200C1AC93 /* QLExpressions.swift */,
				B9FBC4C01CB7C61300C1AC93 /* QLLiterals.swift */,
				B9FBC4C21CB7C68400C1AC93 /* QLTypes.swift */,
				B932F2BC1CB28DA2000E802B /* QLParser.swift */,
				B932F2BF1CB28DA2000E802B /* QLTypeVisitorProtocols.swift */,
				B932F2BE1CB28DA2000E802B /* QLTypeChecker.swift */,
				B9EE8F451CB6F7C40022A154 /* QLFormBuilderProtocols.swift */,
				B9EE8F471CB6F7D40022A154 /* QLFormBuilder.swift */,
				B9EE8F431CB6AB780022A154 /* QLExpressionVisitorProtocols.swift */,
				B9EE8F3F1CB685D50022A154 /* QLExpressionEvaluator.swift */,
			);
			name = QL;
			sourceTree = "<group>";
		};
		B932F2C61CB28DAE000E802B /* Streams */ = {
			isa = PBXGroup;
			children = (
				B932F2C71CB28DBB000E802B /* basic.ql */,
				B932F2C81CB28DBB000E802B /* expression.ql */,
				B932F2C91CB28DBB000E802B /* questionsAndIfStatement.ql */,
			);
			name = Streams;
			sourceTree = "<group>";
		};
		B932F2CE1CB28E5D000E802B /* Products */ = {
			isa = PBXGroup;
			children = (
				B932F2D31CB28E5D000E802B /* SwiftParsec.framework */,
				B932F2D51CB28E5D000E802B /* SwiftParsecTests.xctest */,
			);
			name = Products;
			sourceTree = "<group>";
		};
		B932F2E21CB2EFEA000E802B /* Views */ = {
			isa = PBXGroup;
			children = (
				B9279EBA1CB28C1C0064B1B2 /* Main.storyboard */,
				B9A3766C1CB43FCA00B6E17F /* QuestionBoolCell.xib */,
				B9A3766E1CB4404900B6E17F /* QuestionBoolCell.swift */,
				B9A376681CB43C1E00B6E17F /* QuestionStringCell.xib */,
				B9A3766A1CB43C9900B6E17F /* QuestionStringCell.swift */,
				B9A376701CB441E800B6E17F /* QuestionIntCell.xib */,
				B9A376721CB4420500B6E17F /* QuestionIntCell.swift */,
			);
			name = Views;
			sourceTree = "<group>";
		};
		B9A376781CB4622100B6E17F /* Models */ = {
			isa = PBXGroup;
			children = (
				B932F2C61CB28DAE000E802B /* Streams */,
				B9A376791CB4624200B6E17F /* Stream.swift */,
				B932F2BD1CB28DA2000E802B /* SymbolTable.swift */,
				B932F2DB1CB29340000E802B /* Form.swift */,
			);
			name = Models;
			sourceTree = "<group>";
		};
/* End PBXGroup section */

/* Begin PBXNativeTarget section */
		B9279EB01CB28C1C0064B1B2 /* QLSwift */ = {
			isa = PBXNativeTarget;
			buildConfigurationList = B9279ED61CB28C1C0064B1B2 /* Build configuration list for PBXNativeTarget "QLSwift" */;
			buildPhases = (
				B9279EAD1CB28C1C0064B1B2 /* Sources */,
				B9279EAE1CB28C1C0064B1B2 /* Frameworks */,
				B9279EAF1CB28C1C0064B1B2 /* Resources */,
			);
			buildRules = (
			);
			dependencies = (
			);
			name = QLSwift;
			productName = QLSwift;
			productReference = B9279EB11CB28C1C0064B1B2 /* QLSwift.app */;
			productType = "com.apple.product-type.application";
		};
		B9279EC11CB28C1C0064B1B2 /* QLSwiftTests */ = {
			isa = PBXNativeTarget;
			buildConfigurationList = B9279ED91CB28C1C0064B1B2 /* Build configuration list for PBXNativeTarget "QLSwiftTests" */;
			buildPhases = (
				B9279EBE1CB28C1C0064B1B2 /* Sources */,
				B9279EBF1CB28C1C0064B1B2 /* Frameworks */,
				B9279EC01CB28C1C0064B1B2 /* Resources */,
			);
			buildRules = (
			);
			dependencies = (
				B9279EC41CB28C1C0064B1B2 /* PBXTargetDependency */,
			);
			name = QLSwiftTests;
			productName = QLSwiftTests;
			productReference = B9279EC21CB28C1C0064B1B2 /* QLSwiftTests.xctest */;
			productType = "com.apple.product-type.bundle.unit-test";
		};
		B9279ECC1CB28C1C0064B1B2 /* QLSwiftUITests */ = {
			isa = PBXNativeTarget;
			buildConfigurationList = B9279EDC1CB28C1C0064B1B2 /* Build configuration list for PBXNativeTarget "QLSwiftUITests" */;
			buildPhases = (
				B9279EC91CB28C1C0064B1B2 /* Sources */,
				B9279ECA1CB28C1C0064B1B2 /* Frameworks */,
				B9279ECB1CB28C1C0064B1B2 /* Resources */,
			);
			buildRules = (
			);
			dependencies = (
				B9279ECF1CB28C1C0064B1B2 /* PBXTargetDependency */,
			);
			name = QLSwiftUITests;
			productName = QLSwiftUITests;
			productReference = B9279ECD1CB28C1C0064B1B2 /* QLSwiftUITests.xctest */;
			productType = "com.apple.product-type.bundle.ui-testing";
		};
/* End PBXNativeTarget section */

/* Begin PBXProject section */
		B9279EA91CB28C1C0064B1B2 /* Project object */ = {
			isa = PBXProject;
			attributes = {
				LastSwiftUpdateCheck = 0730;
				LastUpgradeCheck = 0730;
				ORGANIZATIONNAME = "Julian Jansen";
				TargetAttributes = {
					B9279EB01CB28C1C0064B1B2 = {
						CreatedOnToolsVersion = 7.3;
					};
					B9279EC11CB28C1C0064B1B2 = {
						CreatedOnToolsVersion = 7.3;
						TestTargetID = B9279EB01CB28C1C0064B1B2;
					};
					B9279ECC1CB28C1C0064B1B2 = {
						CreatedOnToolsVersion = 7.3;
						TestTargetID = B9279EB01CB28C1C0064B1B2;
					};
				};
			};
			buildConfigurationList = B9279EAC1CB28C1C0064B1B2 /* Build configuration list for PBXProject "QLSwift" */;
			compatibilityVersion = "Xcode 3.2";
			developmentRegion = English;
			hasScannedForEncodings = 0;
			knownRegions = (
				en,
				Base,
			);
			mainGroup = B9279EA81CB28C1C0064B1B2;
			productRefGroup = B9279EB21CB28C1C0064B1B2 /* Products */;
			projectDirPath = "";
			projectReferences = (
				{
					ProductGroup = B932F2CE1CB28E5D000E802B /* Products */;
					ProjectRef = B932F2CD1CB28E5D000E802B /* SwiftParsec.xcodeproj */;
				},
			);
			projectRoot = "";
			targets = (
				B9279EB01CB28C1C0064B1B2 /* QLSwift */,
				B9279EC11CB28C1C0064B1B2 /* QLSwiftTests */,
				B9279ECC1CB28C1C0064B1B2 /* QLSwiftUITests */,
			);
		};
/* End PBXProject section */

/* Begin PBXReferenceProxy section */
		B932F2D31CB28E5D000E802B /* SwiftParsec.framework */ = {
			isa = PBXReferenceProxy;
			fileType = wrapper.framework;
			path = SwiftParsec.framework;
			remoteRef = B932F2D21CB28E5D000E802B /* PBXContainerItemProxy */;
			sourceTree = BUILT_PRODUCTS_DIR;
		};
		B932F2D51CB28E5D000E802B /* SwiftParsecTests.xctest */ = {
			isa = PBXReferenceProxy;
			fileType = wrapper.cfbundle;
			path = SwiftParsecTests.xctest;
			remoteRef = B932F2D41CB28E5D000E802B /* PBXContainerItemProxy */;
			sourceTree = BUILT_PRODUCTS_DIR;
		};
/* End PBXReferenceProxy section */

/* Begin PBXResourcesBuildPhase section */
		B9279EAF1CB28C1C0064B1B2 /* Resources */ = {
			isa = PBXResourcesBuildPhase;
			buildActionMask = 2147483647;
			files = (
				B932F2CB1CB28DBB000E802B /* expression.ql in Resources */,
				B9279EB91CB28C1C0064B1B2 /* Assets.xcassets in Resources */,
				B9A376691CB43C1E00B6E17F /* QuestionStringCell.xib in Resources */,
				B9279EBC1CB28C1C0064B1B2 /* Main.storyboard in Resources */,
				B932F2CC1CB28DBB000E802B /* questionsAndIfStatement.ql in Resources */,
				B9A3766D1CB43FCA00B6E17F /* QuestionBoolCell.xib in Resources */,
				B932F2CA1CB28DBB000E802B /* basic.ql in Resources */,
				B9A376711CB441E800B6E17F /* QuestionIntCell.xib in Resources */,
			);
			runOnlyForDeploymentPostprocessing = 0;
		};
		B9279EC01CB28C1C0064B1B2 /* Resources */ = {
			isa = PBXResourcesBuildPhase;
			buildActionMask = 2147483647;
			files = (
			);
			runOnlyForDeploymentPostprocessing = 0;
		};
		B9279ECB1CB28C1C0064B1B2 /* Resources */ = {
			isa = PBXResourcesBuildPhase;
			buildActionMask = 2147483647;
			files = (
			);
			runOnlyForDeploymentPostprocessing = 0;
		};
/* End PBXResourcesBuildPhase section */

/* Begin PBXSourcesBuildPhase section */
		B9279EAD1CB28C1C0064B1B2 /* Sources */ = {
			isa = PBXSourcesBuildPhase;
			buildActionMask = 2147483647;
			files = (
				B9FBC4C31CB7C68400C1AC93 /* QLTypes.swift in Sources */,
				B932F2DC1CB29340000E802B /* Form.swift in Sources */,
				B9A3766F1CB4404900B6E17F /* QuestionBoolCell.swift in Sources */,
				B9279EB71CB28C1C0064B1B2 /* ViewController.swift in Sources */,
				B932F2C01CB28DA2000E802B /* QLLanguageDefinition.swift in Sources */,
				B9A3767A1CB4624200B6E17F /* Stream.swift in Sources */,
				B9EE8F441CB6AB780022A154 /* QLExpressionVisitorProtocols.swift in Sources */,
				B9FBC4C11CB7C61300C1AC93 /* QLLiterals.swift in Sources */,
				B9A3766B1CB43C9900B6E17F /* QuestionStringCell.swift in Sources */,
				B9EE8F481CB6F7D40022A154 /* QLFormBuilder.swift in Sources */,
				B932F2C21CB28DA2000E802B /* QLParser.swift in Sources */,
				B932F2C41CB28DA2000E802B /* QLTypeChecker.swift in Sources */,
				B9A376731CB4420500B6E17F /* QuestionIntCell.swift in Sources */,
				B9FBC4BD1CB7C5F000C1AC93 /* QLStatements.swift in Sources */,
				B9EE8F461CB6F7C40022A154 /* QLFormBuilderProtocols.swift in Sources */,
				B9FBC4BF1CB7C60200C1AC93 /* QLExpressions.swift in Sources */,
				B932F2C51CB28DA2000E802B /* QLTypeVisitorProtocols.swift in Sources */,
				B932F2D81CB28EEB000E802B /* AppLogger.swift in Sources */,
				B9279EB51CB28C1C0064B1B2 /* AppDelegate.swift in Sources */,
				B932F2C31CB28DA2000E802B /* SymbolTable.swift in Sources */,
				B9EE8F401CB685D50022A154 /* QLExpressionEvaluator.swift in Sources */,
			);
			runOnlyForDeploymentPostprocessing = 0;
		};
		B9279EBE1CB28C1C0064B1B2 /* Sources */ = {
			isa = PBXSourcesBuildPhase;
			buildActionMask = 2147483647;
			files = (
				B9279EC71CB28C1C0064B1B2 /* QLSwiftTests.swift in Sources */,
			);
			runOnlyForDeploymentPostprocessing = 0;
		};
		B9279EC91CB28C1C0064B1B2 /* Sources */ = {
			isa = PBXSourcesBuildPhase;
			buildActionMask = 2147483647;
			files = (
				B9279ED21CB28C1C0064B1B2 /* QLSwiftUITests.swift in Sources */,
			);
			runOnlyForDeploymentPostprocessing = 0;
		};
/* End PBXSourcesBuildPhase section */

/* Begin PBXTargetDependency section */
		B9279EC41CB28C1C0064B1B2 /* PBXTargetDependency */ = {
			isa = PBXTargetDependency;
			target = B9279EB01CB28C1C0064B1B2 /* QLSwift */;
			targetProxy = B9279EC31CB28C1C0064B1B2 /* PBXContainerItemProxy */;
		};
		B9279ECF1CB28C1C0064B1B2 /* PBXTargetDependency */ = {
			isa = PBXTargetDependency;
			target = B9279EB01CB28C1C0064B1B2 /* QLSwift */;
			targetProxy = B9279ECE1CB28C1C0064B1B2 /* PBXContainerItemProxy */;
		};
/* End PBXTargetDependency section */

/* Begin PBXVariantGroup section */
		B9279EBA1CB28C1C0064B1B2 /* Main.storyboard */ = {
			isa = PBXVariantGroup;
			children = (
				B9279EBB1CB28C1C0064B1B2 /* Base */,
			);
			name = Main.storyboard;
			sourceTree = "<group>";
		};
/* End PBXVariantGroup section */

/* Begin XCBuildConfiguration section */
		B9279ED41CB28C1C0064B1B2 /* Debug */ = {
			isa = XCBuildConfiguration;
			buildSettings = {
				ALWAYS_SEARCH_USER_PATHS = NO;
				CLANG_ANALYZER_NONNULL = YES;
				CLANG_CXX_LANGUAGE_STANDARD = "gnu++0x";
				CLANG_CXX_LIBRARY = "libc++";
				CLANG_ENABLE_MODULES = YES;
				CLANG_ENABLE_OBJC_ARC = YES;
				CLANG_WARN_BOOL_CONVERSION = YES;
				CLANG_WARN_CONSTANT_CONVERSION = YES;
				CLANG_WARN_DIRECT_OBJC_ISA_USAGE = YES_ERROR;
				CLANG_WARN_EMPTY_BODY = YES;
				CLANG_WARN_ENUM_CONVERSION = YES;
				CLANG_WARN_INT_CONVERSION = YES;
				CLANG_WARN_OBJC_ROOT_CLASS = YES_ERROR;
				CLANG_WARN_UNREACHABLE_CODE = YES;
				CLANG_WARN__DUPLICATE_METHOD_MATCH = YES;
				CODE_SIGN_IDENTITY = "-";
				COPY_PHASE_STRIP = NO;
				DEBUG_INFORMATION_FORMAT = dwarf;
				ENABLE_STRICT_OBJC_MSGSEND = YES;
				ENABLE_TESTABILITY = YES;
				GCC_C_LANGUAGE_STANDARD = gnu99;
				GCC_DYNAMIC_NO_PIC = NO;
				GCC_NO_COMMON_BLOCKS = YES;
				GCC_OPTIMIZATION_LEVEL = 0;
				GCC_PREPROCESSOR_DEFINITIONS = (
					"DEBUG=1",
					"$(inherited)",
				);
				GCC_WARN_64_TO_32_BIT_CONVERSION = YES;
				GCC_WARN_ABOUT_RETURN_TYPE = YES_ERROR;
				GCC_WARN_UNDECLARED_SELECTOR = YES;
				GCC_WARN_UNINITIALIZED_AUTOS = YES_AGGRESSIVE;
				GCC_WARN_UNUSED_FUNCTION = YES;
				GCC_WARN_UNUSED_VARIABLE = YES;
				MACOSX_DEPLOYMENT_TARGET = 10.11;
				MTL_ENABLE_DEBUG_INFO = YES;
				ONLY_ACTIVE_ARCH = YES;
				SDKROOT = macosx;
				SWIFT_OPTIMIZATION_LEVEL = "-Onone";
			};
			name = Debug;
		};
		B9279ED51CB28C1C0064B1B2 /* Release */ = {
			isa = XCBuildConfiguration;
			buildSettings = {
				ALWAYS_SEARCH_USER_PATHS = NO;
				CLANG_ANALYZER_NONNULL = YES;
				CLANG_CXX_LANGUAGE_STANDARD = "gnu++0x";
				CLANG_CXX_LIBRARY = "libc++";
				CLANG_ENABLE_MODULES = YES;
				CLANG_ENABLE_OBJC_ARC = YES;
				CLANG_WARN_BOOL_CONVERSION = YES;
				CLANG_WARN_CONSTANT_CONVERSION = YES;
				CLANG_WARN_DIRECT_OBJC_ISA_USAGE = YES_ERROR;
				CLANG_WARN_EMPTY_BODY = YES;
				CLANG_WARN_ENUM_CONVERSION = YES;
				CLANG_WARN_INT_CONVERSION = YES;
				CLANG_WARN_OBJC_ROOT_CLASS = YES_ERROR;
				CLANG_WARN_UNREACHABLE_CODE = YES;
				CLANG_WARN__DUPLICATE_METHOD_MATCH = YES;
				CODE_SIGN_IDENTITY = "-";
				COPY_PHASE_STRIP = NO;
				DEBUG_INFORMATION_FORMAT = "dwarf-with-dsym";
				ENABLE_NS_ASSERTIONS = NO;
				ENABLE_STRICT_OBJC_MSGSEND = YES;
				GCC_C_LANGUAGE_STANDARD = gnu99;
				GCC_NO_COMMON_BLOCKS = YES;
				GCC_WARN_64_TO_32_BIT_CONVERSION = YES;
				GCC_WARN_ABOUT_RETURN_TYPE = YES_ERROR;
				GCC_WARN_UNDECLARED_SELECTOR = YES;
				GCC_WARN_UNINITIALIZED_AUTOS = YES_AGGRESSIVE;
				GCC_WARN_UNUSED_FUNCTION = YES;
				GCC_WARN_UNUSED_VARIABLE = YES;
				MACOSX_DEPLOYMENT_TARGET = 10.11;
				MTL_ENABLE_DEBUG_INFO = NO;
				SDKROOT = macosx;
			};
			name = Release;
		};
		B9279ED71CB28C1C0064B1B2 /* Debug */ = {
			isa = XCBuildConfiguration;
			buildSettings = {
				ASSETCATALOG_COMPILER_APPICON_NAME = AppIcon;
				COMBINE_HIDPI_IMAGES = YES;
				INFOPLIST_FILE = QLSwift/Info.plist;
				LD_RUNPATH_SEARCH_PATHS = "$(inherited) @executable_path/../Frameworks";
				PRODUCT_BUNDLE_IDENTIFIER = com.julianjansen.QLSwift;
				PRODUCT_NAME = "$(TARGET_NAME)";
			};
			name = Debug;
		};
		B9279ED81CB28C1C0064B1B2 /* Release */ = {
			isa = XCBuildConfiguration;
			buildSettings = {
				ASSETCATALOG_COMPILER_APPICON_NAME = AppIcon;
				COMBINE_HIDPI_IMAGES = YES;
				INFOPLIST_FILE = QLSwift/Info.plist;
				LD_RUNPATH_SEARCH_PATHS = "$(inherited) @executable_path/../Frameworks";
				PRODUCT_BUNDLE_IDENTIFIER = com.julianjansen.QLSwift;
				PRODUCT_NAME = "$(TARGET_NAME)";
			};
			name = Release;
		};
		B9279EDA1CB28C1C0064B1B2 /* Debug */ = {
			isa = XCBuildConfiguration;
			buildSettings = {
				BUNDLE_LOADER = "$(TEST_HOST)";
				COMBINE_HIDPI_IMAGES = YES;
				INFOPLIST_FILE = QLSwiftTests/Info.plist;
				LD_RUNPATH_SEARCH_PATHS = "$(inherited) @executable_path/../Frameworks @loader_path/../Frameworks";
				PRODUCT_BUNDLE_IDENTIFIER = com.julianjansen.QLSwiftTests;
				PRODUCT_NAME = "$(TARGET_NAME)";
				TEST_HOST = "$(BUILT_PRODUCTS_DIR)/QLSwift.app/Contents/MacOS/QLSwift";
			};
			name = Debug;
		};
		B9279EDB1CB28C1C0064B1B2 /* Release */ = {
			isa = XCBuildConfiguration;
			buildSettings = {
				BUNDLE_LOADER = "$(TEST_HOST)";
				COMBINE_HIDPI_IMAGES = YES;
				INFOPLIST_FILE = QLSwiftTests/Info.plist;
				LD_RUNPATH_SEARCH_PATHS = "$(inherited) @executable_path/../Frameworks @loader_path/../Frameworks";
				PRODUCT_BUNDLE_IDENTIFIER = com.julianjansen.QLSwiftTests;
				PRODUCT_NAME = "$(TARGET_NAME)";
				TEST_HOST = "$(BUILT_PRODUCTS_DIR)/QLSwift.app/Contents/MacOS/QLSwift";
			};
			name = Release;
		};
		B9279EDD1CB28C1C0064B1B2 /* Debug */ = {
			isa = XCBuildConfiguration;
			buildSettings = {
				COMBINE_HIDPI_IMAGES = YES;
				INFOPLIST_FILE = QLSwiftUITests/Info.plist;
				LD_RUNPATH_SEARCH_PATHS = "$(inherited) @executable_path/../Frameworks @loader_path/../Frameworks";
				PRODUCT_BUNDLE_IDENTIFIER = com.julianjansen.QLSwiftUITests;
				PRODUCT_NAME = "$(TARGET_NAME)";
				TEST_TARGET_NAME = QLSwift;
			};
			name = Debug;
		};
		B9279EDE1CB28C1C0064B1B2 /* Release */ = {
			isa = XCBuildConfiguration;
			buildSettings = {
				COMBINE_HIDPI_IMAGES = YES;
				INFOPLIST_FILE = QLSwiftUITests/Info.plist;
				LD_RUNPATH_SEARCH_PATHS = "$(inherited) @executable_path/../Frameworks @loader_path/../Frameworks";
				PRODUCT_BUNDLE_IDENTIFIER = com.julianjansen.QLSwiftUITests;
				PRODUCT_NAME = "$(TARGET_NAME)";
				TEST_TARGET_NAME = QLSwift;
			};
			name = Release;
		};
/* End XCBuildConfiguration section */

/* Begin XCConfigurationList section */
		B9279EAC1CB28C1C0064B1B2 /* Build configuration list for PBXProject "QLSwift" */ = {
			isa = XCConfigurationList;
			buildConfigurations = (
				B9279ED41CB28C1C0064B1B2 /* Debug */,
				B9279ED51CB28C1C0064B1B2 /* Release */,
			);
			defaultConfigurationIsVisible = 0;
			defaultConfigurationName = Release;
		};
		B9279ED61CB28C1C0064B1B2 /* Build configuration list for PBXNativeTarget "QLSwift" */ = {
			isa = XCConfigurationList;
			buildConfigurations = (
				B9279ED71CB28C1C0064B1B2 /* Debug */,
				B9279ED81CB28C1C0064B1B2 /* Release */,
			);
			defaultConfigurationIsVisible = 0;
			defaultConfigurationName = Release;
		};
		B9279ED91CB28C1C0064B1B2 /* Build configuration list for PBXNativeTarget "QLSwiftTests" */ = {
			isa = XCConfigurationList;
			buildConfigurations = (
				B9279EDA1CB28C1C0064B1B2 /* Debug */,
				B9279EDB1CB28C1C0064B1B2 /* Release */,
			);
			defaultConfigurationIsVisible = 0;
			defaultConfigurationName = Release;
		};
		B9279EDC1CB28C1C0064B1B2 /* Build configuration list for PBXNativeTarget "QLSwiftUITests" */ = {
			isa = XCConfigurationList;
			buildConfigurations = (
				B9279EDD1CB28C1C0064B1B2 /* Debug */,
				B9279EDE1CB28C1C0064B1B2 /* Release */,
			);
			defaultConfigurationIsVisible = 0;
			defaultConfigurationName = Release;
		};
/* End XCConfigurationList section */
	};
	rootObject = B9279EA91CB28C1C0064B1B2 /* Project object */;
}
